// !$*UTF8*$!
{
	archiveVersion = 1;
	classes = {
	};
	objectVersion = 56;
	objects = {

/* Begin PBXBuildFile section */
		110A0AF52937807600F98F62 /* EssentialFeed.framework in Frameworks */ = {isa = PBXBuildFile; fileRef = 110A0AEC2937807600F98F62 /* EssentialFeed.framework */; };
		110A0AFB2937807600F98F62 /* EssentialFeed.h in Headers */ = {isa = PBXBuildFile; fileRef = 110A0AEF2937807600F98F62 /* EssentialFeed.h */; settings = {ATTRIBUTES = (Public, ); }; };
		110A0B052937826200F98F62 /* FeedImage.swift in Sources */ = {isa = PBXBuildFile; fileRef = 110A0B042937826200F98F62 /* FeedImage.swift */; };
		110A0B07293782CF00F98F62 /* FeedLoader.swift in Sources */ = {isa = PBXBuildFile; fileRef = 110A0B06293782CF00F98F62 /* FeedLoader.swift */; };
		110A0B0B293785B500F98F62 /* LoadFeedFromRemoteUseCaseTests.swift in Sources */ = {isa = PBXBuildFile; fileRef = 110A0B0A293785B500F98F62 /* LoadFeedFromRemoteUseCaseTests.swift */; };
		110A0B0E29378F3D00F98F62 /* RemoteFeedLoader.swift in Sources */ = {isa = PBXBuildFile; fileRef = 110A0B0D29378F3D00F98F62 /* RemoteFeedLoader.swift */; };
		110A0B102938CB8500F98F62 /* HTTPClient.swift in Sources */ = {isa = PBXBuildFile; fileRef = 110A0B0F2938CB8500F98F62 /* HTTPClient.swift */; };
		110A0B122938CBEC00F98F62 /* FeedItemMapper.swift in Sources */ = {isa = PBXBuildFile; fileRef = 110A0B112938CBEC00F98F62 /* FeedItemMapper.swift */; };
		110A0B15293934F700F98F62 /* URLSessionHTTPClientTests.swift in Sources */ = {isa = PBXBuildFile; fileRef = 110A0B14293934F700F98F62 /* URLSessionHTTPClientTests.swift */; };
		11109CBA29B6526E009DB40F /* LoadFeedFromCacheUseCaseTests.swift in Sources */ = {isa = PBXBuildFile; fileRef = 11109CB929B6526E009DB40F /* LoadFeedFromCacheUseCaseTests.swift */; };
		11109CBD29B65493009DB40F /* FeedStoreSpy.swift in Sources */ = {isa = PBXBuildFile; fileRef = 11109CBC29B65493009DB40F /* FeedStoreSpy.swift */; };
		1121659429D4CCFC00973E67 /* ValidateFeedCacheUseCaseTests.swift in Sources */ = {isa = PBXBuildFile; fileRef = 1121659329D4CCFC00973E67 /* ValidateFeedCacheUseCaseTests.swift */; };
		1121659629D4CF0000973E67 /* FeedCacheTestHelpers.swift in Sources */ = {isa = PBXBuildFile; fileRef = 1121659529D4CF0000973E67 /* FeedCacheTestHelpers.swift */; };
		1121659829D4CF1E00973E67 /* SharedTestHelpers.swift in Sources */ = {isa = PBXBuildFile; fileRef = 1121659729D4CF1E00973E67 /* SharedTestHelpers.swift */; };
		1121659B29D4D66E00973E67 /* FeedCachePolicy.swift in Sources */ = {isa = PBXBuildFile; fileRef = 1121659929D4D65900973E67 /* FeedCachePolicy.swift */; };
		1122E0132A2364990024705C /* EssentialFeediOS.framework in Frameworks */ = {isa = PBXBuildFile; fileRef = 1122E00B2A2364980024705C /* EssentialFeediOS.framework */; };
		1122E0182A2364990024705C /* FeedUIIntegrationTests.swift in Sources */ = {isa = PBXBuildFile; fileRef = 1122E0172A2364990024705C /* FeedUIIntegrationTests.swift */; };
		112C027C2A3F094F007ABA34 /* FeedLocalizationTests.swift in Sources */ = {isa = PBXBuildFile; fileRef = 119EDC7A2A3DC3CF008AB3BD /* FeedLocalizationTests.swift */; };
		112C027E2A3F09CB007ABA34 /* FeedImagePresenterTests.swift in Sources */ = {isa = PBXBuildFile; fileRef = 112C027D2A3F09CB007ABA34 /* FeedImagePresenterTests.swift */; };
		112C02802A3F0D35007ABA34 /* FeedImagePresenter.swift in Sources */ = {isa = PBXBuildFile; fileRef = 112C027F2A3F0D35007ABA34 /* FeedImagePresenter.swift */; };
		112C02822A3F0D88007ABA34 /* FeedImageViewModel.swift in Sources */ = {isa = PBXBuildFile; fileRef = 112C02812A3F0D88007ABA34 /* FeedImageViewModel.swift */; };
		112C02832A3F0F65007ABA34 /* FeedImageDataLoader.swift in Sources */ = {isa = PBXBuildFile; fileRef = 112F43782A37CA6C009ED64E /* FeedImageDataLoader.swift */; };
		112C02852A3F1013007ABA34 /* RemoteFeedImageDataLoaderTests.swift in Sources */ = {isa = PBXBuildFile; fileRef = 112C02842A3F1013007ABA34 /* RemoteFeedImageDataLoaderTests.swift */; };
		112F435C2A37B3D0009ED64E /* FeedViewController.swift in Sources */ = {isa = PBXBuildFile; fileRef = 112F435B2A37B3D0009ED64E /* FeedViewController.swift */; };
		112F435E2A37B437009ED64E /* FeedImageCell.swift in Sources */ = {isa = PBXBuildFile; fileRef = 112F435D2A37B437009ED64E /* FeedImageCell.swift */; };
		112F43602A37BA42009ED64E /* UIView+Shimmering.swift in Sources */ = {isa = PBXBuildFile; fileRef = 112F435F2A37BA42009ED64E /* UIView+Shimmering.swift */; };
		112F43632A37C5D2009ED64E /* UIImage+TestHelpers.swift in Sources */ = {isa = PBXBuildFile; fileRef = 112F43622A37C5D2009ED64E /* UIImage+TestHelpers.swift */; };
		112F43652A37C62D009ED64E /* UIRefreshControl+TestHelpers.swift in Sources */ = {isa = PBXBuildFile; fileRef = 112F43642A37C62D009ED64E /* UIRefreshControl+TestHelpers.swift */; };
		112F43672A37C65C009ED64E /* UIButton+TestHelpers.swift in Sources */ = {isa = PBXBuildFile; fileRef = 112F43662A37C65C009ED64E /* UIButton+TestHelpers.swift */; };
		112F43692A37C689009ED64E /* UIControl+TestHelpers.swift in Sources */ = {isa = PBXBuildFile; fileRef = 112F43682A37C689009ED64E /* UIControl+TestHelpers.swift */; };
		112F436E2A37C831009ED64E /* FeedViewController+TestHelpers.swift in Sources */ = {isa = PBXBuildFile; fileRef = 112F436D2A37C831009ED64E /* FeedViewController+TestHelpers.swift */; };
		112F43702A37C8C3009ED64E /* FeedImageCell+TestHelpers.swift in Sources */ = {isa = PBXBuildFile; fileRef = 112F436F2A37C8C3009ED64E /* FeedImageCell+TestHelpers.swift */; };
		112F43722A37C931009ED64E /* FeedUIIntegrationTests +LoaderSpy.swift in Sources */ = {isa = PBXBuildFile; fileRef = 112F43712A37C931009ED64E /* FeedUIIntegrationTests +LoaderSpy.swift */; };
		112F43742A37C993009ED64E /* FeedUIIntegrationTests +Assertions.swift in Sources */ = {isa = PBXBuildFile; fileRef = 112F43732A37C993009ED64E /* FeedUIIntegrationTests +Assertions.swift */; };
		112F437D2A37CB62009ED64E /* FeedImageCellController.swift in Sources */ = {isa = PBXBuildFile; fileRef = 112F437C2A37CB62009ED64E /* FeedImageCellController.swift */; };
		112F43802A37CC0A009ED64E /* FeedUIComposer.swift in Sources */ = {isa = PBXBuildFile; fileRef = 112F437F2A37CC0A009ED64E /* FeedUIComposer.swift */; };
		115AFAFC29F5553300259647 /* FeedStoreSpecs.swift in Sources */ = {isa = PBXBuildFile; fileRef = 115AFAFB29F5553300259647 /* FeedStoreSpecs.swift */; };
		115AFAFE29F5564400259647 /* XCTestCase+FeedStoreSpecs.swift in Sources */ = {isa = PBXBuildFile; fileRef = 115AFAFD29F5564400259647 /* XCTestCase+FeedStoreSpecs.swift */; };
		115AFB0029F5594C00259647 /* XCTestCase+FailableRetrieveFeedStoreSpecs.swift in Sources */ = {isa = PBXBuildFile; fileRef = 115AFAFF29F5594C00259647 /* XCTestCase+FailableRetrieveFeedStoreSpecs.swift */; };
		115AFB0229F559FD00259647 /* XCTestCase+FailableInsertFeedStoreSpecs.swift in Sources */ = {isa = PBXBuildFile; fileRef = 115AFB0129F559FD00259647 /* XCTestCase+FailableInsertFeedStoreSpecs.swift */; };
		115AFB0429F55A6800259647 /* XCTestCase+FailableDeleteFeedStoreSpecs.swift in Sources */ = {isa = PBXBuildFile; fileRef = 115AFB0329F55A6800259647 /* XCTestCase+FailableDeleteFeedStoreSpecs.swift */; };
		115AFB0729F55B5B00259647 /* CoreDataFeedStoreTests.swift in Sources */ = {isa = PBXBuildFile; fileRef = 115AFB0629F55B5B00259647 /* CoreDataFeedStoreTests.swift */; };
		115AFB0929F55BB000259647 /* CoreDataFeedStore.swift in Sources */ = {isa = PBXBuildFile; fileRef = 115AFB0829F55BB000259647 /* CoreDataFeedStore.swift */; };
		115AFB0C29F55E4800259647 /* FeedStore.xcdatamodeld in Sources */ = {isa = PBXBuildFile; fileRef = 115AFB0A29F55E4800259647 /* FeedStore.xcdatamodeld */; };
		115AFB1029F56BEE00259647 /* CoreDataHelpers.swift in Sources */ = {isa = PBXBuildFile; fileRef = 115AFB0F29F56BEE00259647 /* CoreDataHelpers.swift */; };
		115AFB1229F56C9D00259647 /* ManagedCache.swift in Sources */ = {isa = PBXBuildFile; fileRef = 115AFB1129F56C9D00259647 /* ManagedCache.swift */; };
		115AFB1429F56CA600259647 /* ManagedFeedImage.swift in Sources */ = {isa = PBXBuildFile; fileRef = 115AFB1329F56CA600259647 /* ManagedFeedImage.swift */; };
		115AFB1C29F56F4C00259647 /* EssentialFeedCacheIntegrationTests.swift in Sources */ = {isa = PBXBuildFile; fileRef = 115AFB1B29F56F4C00259647 /* EssentialFeedCacheIntegrationTests.swift */; };
		115AFB1D29F56F4C00259647 /* EssentialFeed.framework in Frameworks */ = {isa = PBXBuildFile; fileRef = 110A0AEC2937807600F98F62 /* EssentialFeed.framework */; };
		115AFB2329F5704A00259647 /* XCTTestCase+MemoryLeakTracking.swift in Sources */ = {isa = PBXBuildFile; fileRef = 11C6F1D82941E8B10014966C /* XCTTestCase+MemoryLeakTracking.swift */; };
		115AFB2529F571A900259647 /* FeedCacheTestHelpers.swift in Sources */ = {isa = PBXBuildFile; fileRef = 1121659529D4CF0000973E67 /* FeedCacheTestHelpers.swift */; };
		115AFB2629F571AE00259647 /* SharedTestHelpers.swift in Sources */ = {isa = PBXBuildFile; fileRef = 1121659729D4CF1E00973E67 /* SharedTestHelpers.swift */; };
		1196C30729AE6B43008E4A7B /* CacheFeedUseCaseTests.swift in Sources */ = {isa = PBXBuildFile; fileRef = 1196C30629AE6B43008E4A7B /* CacheFeedUseCaseTests.swift */; };
		1196C30A29AE86F2008E4A7B /* LocalFeedLoader.swift in Sources */ = {isa = PBXBuildFile; fileRef = 1196C30929AE86F2008E4A7B /* LocalFeedLoader.swift */; };
		1196C30C29AE878F008E4A7B /* FeedStore.swift in Sources */ = {isa = PBXBuildFile; fileRef = 1196C30B29AE878F008E4A7B /* FeedStore.swift */; };
		1196C30E29AE90F9008E4A7B /* RemoteFeedItem.swift in Sources */ = {isa = PBXBuildFile; fileRef = 1196C30D29AE90F9008E4A7B /* RemoteFeedItem.swift */; };
		1196C31029AE9132008E4A7B /* LocalFeedImage.swift in Sources */ = {isa = PBXBuildFile; fileRef = 1196C30F29AE9132008E4A7B /* LocalFeedImage.swift */; };
		119EDC682A3DB6BD008AB3BD /* Feed.storyboard in Resources */ = {isa = PBXBuildFile; fileRef = 119EDC662A3DB6BD008AB3BD /* Feed.storyboard */; };
		119EDC692A3DB6BD008AB3BD /* Feed.xcassets in Resources */ = {isa = PBXBuildFile; fileRef = 119EDC672A3DB6BD008AB3BD /* Feed.xcassets */; };
		119EDC6B2A3DBD2F008AB3BD /* UITableView+Dequeueing.swift in Sources */ = {isa = PBXBuildFile; fileRef = 119EDC6A2A3DBD2F008AB3BD /* UITableView+Dequeueing.swift */; };
		119EDC6D2A3DBDA3008AB3BD /* UIImageView+Animations.swift in Sources */ = {isa = PBXBuildFile; fileRef = 119EDC6C2A3DBDA3008AB3BD /* UIImageView+Animations.swift */; };
		119EDC712A3DC107008AB3BD /* FeedUIIntegrationTests +Localization.swift in Sources */ = {isa = PBXBuildFile; fileRef = 119EDC702A3DC107008AB3BD /* FeedUIIntegrationTests +Localization.swift */; };
		119EDC7D2A3DEC9F008AB3BD /* MainQueueDispatchDecorator.swift in Sources */ = {isa = PBXBuildFile; fileRef = 119EDC7C2A3DEC9F008AB3BD /* MainQueueDispatchDecorator.swift */; };
		119EDC7F2A3DECC8008AB3BD /* WeakRefVirtualProxy.swift in Sources */ = {isa = PBXBuildFile; fileRef = 119EDC7E2A3DECC8008AB3BD /* WeakRefVirtualProxy.swift */; };
		119EDC812A3DED4A008AB3BD /* FeedImageDataLoaderPresentationAdapter.swift in Sources */ = {isa = PBXBuildFile; fileRef = 119EDC802A3DED4A008AB3BD /* FeedImageDataLoaderPresentationAdapter.swift */; };
		119EDC832A3DED95008AB3BD /* FeedLoaderPresentationAdapter.swift in Sources */ = {isa = PBXBuildFile; fileRef = 119EDC822A3DED95008AB3BD /* FeedLoaderPresentationAdapter.swift */; };
		119EDC852A3DEDBF008AB3BD /* FeedViewAdapter.swift in Sources */ = {isa = PBXBuildFile; fileRef = 119EDC842A3DEDBF008AB3BD /* FeedViewAdapter.swift */; };
		119EDC882A3DFA81008AB3BD /* FeedPresenterTests.swift in Sources */ = {isa = PBXBuildFile; fileRef = 119EDC872A3DFA81008AB3BD /* FeedPresenterTests.swift */; };
		119EDCA22A3E0086008AB3BD /* FeedPresenter.swift in Sources */ = {isa = PBXBuildFile; fileRef = 119EDCA12A3E0086008AB3BD /* FeedPresenter.swift */; };
		119EDCA32A3E01C0008AB3BD /* Feed.strings in Resources */ = {isa = PBXBuildFile; fileRef = 119EDC942A3DFF10008AB3BD /* Feed.strings */; };
		119EDCA52A3E020C008AB3BD /* FeedViewModel.swift in Sources */ = {isa = PBXBuildFile; fileRef = 119EDCA42A3E020C008AB3BD /* FeedViewModel.swift */; };
		119EDCA72A3E0243008AB3BD /* FeedLoadingViewModel.swift in Sources */ = {isa = PBXBuildFile; fileRef = 119EDCA62A3E0243008AB3BD /* FeedLoadingViewModel.swift */; };
		119EDCA92A3E0271008AB3BD /* FeedErrorViewModel.swift in Sources */ = {isa = PBXBuildFile; fileRef = 119EDCA82A3E0271008AB3BD /* FeedErrorViewModel.swift */; };
		119EDCAD2A3E0598008AB3BD /* ErrorView.swift in Sources */ = {isa = PBXBuildFile; fileRef = 119EDCAC2A3E0598008AB3BD /* ErrorView.swift */; };
		11AD01772A37A9C70092B68F /* XCTTestCase+MemoryLeakTracking.swift in Sources */ = {isa = PBXBuildFile; fileRef = 11C6F1D82941E8B10014966C /* XCTTestCase+MemoryLeakTracking.swift */; };
		11B9F7F629AD2E5200292F65 /* URLSessionHTTPClient.swift in Sources */ = {isa = PBXBuildFile; fileRef = 11B9F7F529AD2E5200292F65 /* URLSessionHTTPClient.swift */; };
		11B9F7FE29AD31C200292F65 /* EssentialFeedAPIEndToEndTests.swift in Sources */ = {isa = PBXBuildFile; fileRef = 11B9F7FD29AD31C200292F65 /* EssentialFeedAPIEndToEndTests.swift */; };
		11B9F7FF29AD31C200292F65 /* EssentialFeed.framework in Frameworks */ = {isa = PBXBuildFile; fileRef = 110A0AEC2937807600F98F62 /* EssentialFeed.framework */; };
		11B9F80529AD31FE00292F65 /* XCTTestCase+MemoryLeakTracking.swift in Sources */ = {isa = PBXBuildFile; fileRef = 11C6F1D82941E8B10014966C /* XCTTestCase+MemoryLeakTracking.swift */; };
		11C6F1D92941E8B10014966C /* XCTTestCase+MemoryLeakTracking.swift in Sources */ = {isa = PBXBuildFile; fileRef = 11C6F1D82941E8B10014966C /* XCTTestCase+MemoryLeakTracking.swift */; };
/* End PBXBuildFile section */

/* Begin PBXContainerItemProxy section */
		110A0AF62937807600F98F62 /* PBXContainerItemProxy */ = {
			isa = PBXContainerItemProxy;
			containerPortal = 110A0AE32937807600F98F62 /* Project object */;
			proxyType = 1;
			remoteGlobalIDString = 110A0AEB2937807600F98F62;
			remoteInfo = EssentialFeed;
		};
		1122E0142A2364990024705C /* PBXContainerItemProxy */ = {
			isa = PBXContainerItemProxy;
			containerPortal = 110A0AE32937807600F98F62 /* Project object */;
			proxyType = 1;
			remoteGlobalIDString = 1122E00A2A2364980024705C;
			remoteInfo = EssentialFeediOS;
		};
		115AFB1E29F56F4C00259647 /* PBXContainerItemProxy */ = {
			isa = PBXContainerItemProxy;
			containerPortal = 110A0AE32937807600F98F62 /* Project object */;
			proxyType = 1;
			remoteGlobalIDString = 110A0AEB2937807600F98F62;
			remoteInfo = EssentialFeed;
		};
		11B9F80029AD31C200292F65 /* PBXContainerItemProxy */ = {
			isa = PBXContainerItemProxy;
			containerPortal = 110A0AE32937807600F98F62 /* Project object */;
			proxyType = 1;
			remoteGlobalIDString = 110A0AEB2937807600F98F62;
			remoteInfo = EssentialFeed;
		};
/* End PBXContainerItemProxy section */

/* Begin PBXFileReference section */
		110A0AEC2937807600F98F62 /* EssentialFeed.framework */ = {isa = PBXFileReference; explicitFileType = wrapper.framework; includeInIndex = 0; path = EssentialFeed.framework; sourceTree = BUILT_PRODUCTS_DIR; };
		110A0AEF2937807600F98F62 /* EssentialFeed.h */ = {isa = PBXFileReference; lastKnownFileType = sourcecode.c.h; path = EssentialFeed.h; sourceTree = "<group>"; };
		110A0AF42937807600F98F62 /* EssentialFeedTests.xctest */ = {isa = PBXFileReference; explicitFileType = wrapper.cfbundle; includeInIndex = 0; path = EssentialFeedTests.xctest; sourceTree = BUILT_PRODUCTS_DIR; };
		110A0B042937826200F98F62 /* FeedImage.swift */ = {isa = PBXFileReference; lastKnownFileType = sourcecode.swift; path = FeedImage.swift; sourceTree = "<group>"; };
		110A0B06293782CF00F98F62 /* FeedLoader.swift */ = {isa = PBXFileReference; lastKnownFileType = sourcecode.swift; path = FeedLoader.swift; sourceTree = "<group>"; };
		110A0B0A293785B500F98F62 /* LoadFeedFromRemoteUseCaseTests.swift */ = {isa = PBXFileReference; lastKnownFileType = sourcecode.swift; path = LoadFeedFromRemoteUseCaseTests.swift; sourceTree = "<group>"; };
		110A0B0D29378F3D00F98F62 /* RemoteFeedLoader.swift */ = {isa = PBXFileReference; lastKnownFileType = sourcecode.swift; path = RemoteFeedLoader.swift; sourceTree = "<group>"; };
		110A0B0F2938CB8500F98F62 /* HTTPClient.swift */ = {isa = PBXFileReference; lastKnownFileType = sourcecode.swift; path = HTTPClient.swift; sourceTree = "<group>"; };
		110A0B112938CBEC00F98F62 /* FeedItemMapper.swift */ = {isa = PBXFileReference; lastKnownFileType = sourcecode.swift; path = FeedItemMapper.swift; sourceTree = "<group>"; };
		110A0B14293934F700F98F62 /* URLSessionHTTPClientTests.swift */ = {isa = PBXFileReference; lastKnownFileType = sourcecode.swift; path = URLSessionHTTPClientTests.swift; sourceTree = "<group>"; };
		11109CB929B6526E009DB40F /* LoadFeedFromCacheUseCaseTests.swift */ = {isa = PBXFileReference; lastKnownFileType = sourcecode.swift; path = LoadFeedFromCacheUseCaseTests.swift; sourceTree = "<group>"; };
		11109CBC29B65493009DB40F /* FeedStoreSpy.swift */ = {isa = PBXFileReference; lastKnownFileType = sourcecode.swift; path = FeedStoreSpy.swift; sourceTree = "<group>"; };
		1121659329D4CCFC00973E67 /* ValidateFeedCacheUseCaseTests.swift */ = {isa = PBXFileReference; lastKnownFileType = sourcecode.swift; path = ValidateFeedCacheUseCaseTests.swift; sourceTree = "<group>"; };
		1121659529D4CF0000973E67 /* FeedCacheTestHelpers.swift */ = {isa = PBXFileReference; lastKnownFileType = sourcecode.swift; path = FeedCacheTestHelpers.swift; sourceTree = "<group>"; };
		1121659729D4CF1E00973E67 /* SharedTestHelpers.swift */ = {isa = PBXFileReference; lastKnownFileType = sourcecode.swift; path = SharedTestHelpers.swift; sourceTree = "<group>"; };
		1121659929D4D65900973E67 /* FeedCachePolicy.swift */ = {isa = PBXFileReference; lastKnownFileType = sourcecode.swift; path = FeedCachePolicy.swift; sourceTree = "<group>"; };
		1122E00B2A2364980024705C /* EssentialFeediOS.framework */ = {isa = PBXFileReference; explicitFileType = wrapper.framework; includeInIndex = 0; path = EssentialFeediOS.framework; sourceTree = BUILT_PRODUCTS_DIR; };
		1122E0122A2364990024705C /* EssentialFeediOSTests.xctest */ = {isa = PBXFileReference; explicitFileType = wrapper.cfbundle; includeInIndex = 0; path = EssentialFeediOSTests.xctest; sourceTree = BUILT_PRODUCTS_DIR; };
		1122E0172A2364990024705C /* FeedUIIntegrationTests.swift */ = {isa = PBXFileReference; lastKnownFileType = sourcecode.swift; path = FeedUIIntegrationTests.swift; sourceTree = "<group>"; };
		1122E0202A2366880024705C /* FeedUIIntegrationTests.xctestplan */ = {isa = PBXFileReference; lastKnownFileType = text; path = FeedUIIntegrationTests.xctestplan; sourceTree = "<group>"; };
		112C027D2A3F09CB007ABA34 /* FeedImagePresenterTests.swift */ = {isa = PBXFileReference; lastKnownFileType = sourcecode.swift; path = FeedImagePresenterTests.swift; sourceTree = "<group>"; };
		112C027F2A3F0D35007ABA34 /* FeedImagePresenter.swift */ = {isa = PBXFileReference; lastKnownFileType = sourcecode.swift; path = FeedImagePresenter.swift; sourceTree = "<group>"; };
		112C02812A3F0D88007ABA34 /* FeedImageViewModel.swift */ = {isa = PBXFileReference; lastKnownFileType = sourcecode.swift; path = FeedImageViewModel.swift; sourceTree = "<group>"; };
		112C02842A3F1013007ABA34 /* RemoteFeedImageDataLoaderTests.swift */ = {isa = PBXFileReference; lastKnownFileType = sourcecode.swift; path = RemoteFeedImageDataLoaderTests.swift; sourceTree = "<group>"; };
		112F435B2A37B3D0009ED64E /* FeedViewController.swift */ = {isa = PBXFileReference; lastKnownFileType = sourcecode.swift; path = FeedViewController.swift; sourceTree = "<group>"; };
		112F435D2A37B437009ED64E /* FeedImageCell.swift */ = {isa = PBXFileReference; lastKnownFileType = sourcecode.swift; path = FeedImageCell.swift; sourceTree = "<group>"; };
		112F435F2A37BA42009ED64E /* UIView+Shimmering.swift */ = {isa = PBXFileReference; lastKnownFileType = sourcecode.swift; path = "UIView+Shimmering.swift"; sourceTree = "<group>"; };
		112F43622A37C5D2009ED64E /* UIImage+TestHelpers.swift */ = {isa = PBXFileReference; lastKnownFileType = sourcecode.swift; path = "UIImage+TestHelpers.swift"; sourceTree = "<group>"; };
		112F43642A37C62D009ED64E /* UIRefreshControl+TestHelpers.swift */ = {isa = PBXFileReference; lastKnownFileType = sourcecode.swift; path = "UIRefreshControl+TestHelpers.swift"; sourceTree = "<group>"; };
		112F43662A37C65C009ED64E /* UIButton+TestHelpers.swift */ = {isa = PBXFileReference; lastKnownFileType = sourcecode.swift; path = "UIButton+TestHelpers.swift"; sourceTree = "<group>"; };
		112F43682A37C689009ED64E /* UIControl+TestHelpers.swift */ = {isa = PBXFileReference; lastKnownFileType = sourcecode.swift; path = "UIControl+TestHelpers.swift"; sourceTree = "<group>"; };
		112F436D2A37C831009ED64E /* FeedViewController+TestHelpers.swift */ = {isa = PBXFileReference; lastKnownFileType = sourcecode.swift; path = "FeedViewController+TestHelpers.swift"; sourceTree = "<group>"; };
		112F436F2A37C8C3009ED64E /* FeedImageCell+TestHelpers.swift */ = {isa = PBXFileReference; lastKnownFileType = sourcecode.swift; path = "FeedImageCell+TestHelpers.swift"; sourceTree = "<group>"; };
		112F43712A37C931009ED64E /* FeedUIIntegrationTests +LoaderSpy.swift */ = {isa = PBXFileReference; lastKnownFileType = sourcecode.swift; path = "FeedUIIntegrationTests +LoaderSpy.swift"; sourceTree = "<group>"; };
		112F43732A37C993009ED64E /* FeedUIIntegrationTests +Assertions.swift */ = {isa = PBXFileReference; lastKnownFileType = sourcecode.swift; path = "FeedUIIntegrationTests +Assertions.swift"; sourceTree = "<group>"; };
		112F43782A37CA6C009ED64E /* FeedImageDataLoader.swift */ = {isa = PBXFileReference; lastKnownFileType = sourcecode.swift; path = FeedImageDataLoader.swift; sourceTree = "<group>"; };
		112F437C2A37CB62009ED64E /* FeedImageCellController.swift */ = {isa = PBXFileReference; lastKnownFileType = sourcecode.swift; path = FeedImageCellController.swift; sourceTree = "<group>"; };
		112F437F2A37CC0A009ED64E /* FeedUIComposer.swift */ = {isa = PBXFileReference; lastKnownFileType = sourcecode.swift; path = FeedUIComposer.swift; sourceTree = "<group>"; };
		115AFAFB29F5553300259647 /* FeedStoreSpecs.swift */ = {isa = PBXFileReference; lastKnownFileType = sourcecode.swift; path = FeedStoreSpecs.swift; sourceTree = "<group>"; };
		115AFAFD29F5564400259647 /* XCTestCase+FeedStoreSpecs.swift */ = {isa = PBXFileReference; lastKnownFileType = sourcecode.swift; path = "XCTestCase+FeedStoreSpecs.swift"; sourceTree = "<group>"; };
		115AFAFF29F5594C00259647 /* XCTestCase+FailableRetrieveFeedStoreSpecs.swift */ = {isa = PBXFileReference; lastKnownFileType = sourcecode.swift; path = "XCTestCase+FailableRetrieveFeedStoreSpecs.swift"; sourceTree = "<group>"; };
		115AFB0129F559FD00259647 /* XCTestCase+FailableInsertFeedStoreSpecs.swift */ = {isa = PBXFileReference; lastKnownFileType = sourcecode.swift; path = "XCTestCase+FailableInsertFeedStoreSpecs.swift"; sourceTree = "<group>"; };
		115AFB0329F55A6800259647 /* XCTestCase+FailableDeleteFeedStoreSpecs.swift */ = {isa = PBXFileReference; lastKnownFileType = sourcecode.swift; path = "XCTestCase+FailableDeleteFeedStoreSpecs.swift"; sourceTree = "<group>"; };
		115AFB0629F55B5B00259647 /* CoreDataFeedStoreTests.swift */ = {isa = PBXFileReference; lastKnownFileType = sourcecode.swift; path = CoreDataFeedStoreTests.swift; sourceTree = "<group>"; };
		115AFB0829F55BB000259647 /* CoreDataFeedStore.swift */ = {isa = PBXFileReference; lastKnownFileType = sourcecode.swift; path = CoreDataFeedStore.swift; sourceTree = "<group>"; };
		115AFB0B29F55E4800259647 /* FeedStore.xcdatamodel */ = {isa = PBXFileReference; lastKnownFileType = wrapper.xcdatamodel; path = FeedStore.xcdatamodel; sourceTree = "<group>"; };
		115AFB0F29F56BEE00259647 /* CoreDataHelpers.swift */ = {isa = PBXFileReference; lastKnownFileType = sourcecode.swift; path = CoreDataHelpers.swift; sourceTree = "<group>"; };
		115AFB1129F56C9D00259647 /* ManagedCache.swift */ = {isa = PBXFileReference; lastKnownFileType = sourcecode.swift; path = ManagedCache.swift; sourceTree = "<group>"; };
		115AFB1329F56CA600259647 /* ManagedFeedImage.swift */ = {isa = PBXFileReference; lastKnownFileType = sourcecode.swift; path = ManagedFeedImage.swift; sourceTree = "<group>"; };
		115AFB1929F56F4C00259647 /* EssentialFeedCacheIntegrationTests.xctest */ = {isa = PBXFileReference; explicitFileType = wrapper.cfbundle; includeInIndex = 0; path = EssentialFeedCacheIntegrationTests.xctest; sourceTree = BUILT_PRODUCTS_DIR; };
		115AFB1B29F56F4C00259647 /* EssentialFeedCacheIntegrationTests.swift */ = {isa = PBXFileReference; lastKnownFileType = sourcecode.swift; path = EssentialFeedCacheIntegrationTests.swift; sourceTree = "<group>"; };
		1196C30629AE6B43008E4A7B /* CacheFeedUseCaseTests.swift */ = {isa = PBXFileReference; lastKnownFileType = sourcecode.swift; path = CacheFeedUseCaseTests.swift; sourceTree = "<group>"; };
		1196C30929AE86F2008E4A7B /* LocalFeedLoader.swift */ = {isa = PBXFileReference; lastKnownFileType = sourcecode.swift; path = LocalFeedLoader.swift; sourceTree = "<group>"; };
		1196C30B29AE878F008E4A7B /* FeedStore.swift */ = {isa = PBXFileReference; lastKnownFileType = sourcecode.swift; path = FeedStore.swift; sourceTree = "<group>"; };
		1196C30D29AE90F9008E4A7B /* RemoteFeedItem.swift */ = {isa = PBXFileReference; lastKnownFileType = sourcecode.swift; path = RemoteFeedItem.swift; sourceTree = "<group>"; };
		1196C30F29AE9132008E4A7B /* LocalFeedImage.swift */ = {isa = PBXFileReference; lastKnownFileType = sourcecode.swift; path = LocalFeedImage.swift; sourceTree = "<group>"; };
		119EDC662A3DB6BD008AB3BD /* Feed.storyboard */ = {isa = PBXFileReference; fileEncoding = 4; lastKnownFileType = file.storyboard; name = Feed.storyboard; path = "../../../../essential-feed-case-study/EssentialFeed/EssentialFeediOS/Feed UI/Views/Feed.storyboard"; sourceTree = "<group>"; };
		119EDC672A3DB6BD008AB3BD /* Feed.xcassets */ = {isa = PBXFileReference; lastKnownFileType = folder.assetcatalog; name = Feed.xcassets; path = "../../../../essential-feed-case-study/EssentialFeed/EssentialFeediOS/Feed UI/Views/Feed.xcassets"; sourceTree = "<group>"; };
		119EDC6A2A3DBD2F008AB3BD /* UITableView+Dequeueing.swift */ = {isa = PBXFileReference; lastKnownFileType = sourcecode.swift; path = "UITableView+Dequeueing.swift"; sourceTree = "<group>"; };
		119EDC6C2A3DBDA3008AB3BD /* UIImageView+Animations.swift */ = {isa = PBXFileReference; lastKnownFileType = sourcecode.swift; path = "UIImageView+Animations.swift"; sourceTree = "<group>"; };
		119EDC702A3DC107008AB3BD /* FeedUIIntegrationTests +Localization.swift */ = {isa = PBXFileReference; lastKnownFileType = sourcecode.swift; path = "FeedUIIntegrationTests +Localization.swift"; sourceTree = "<group>"; };
		119EDC7A2A3DC3CF008AB3BD /* FeedLocalizationTests.swift */ = {isa = PBXFileReference; lastKnownFileType = sourcecode.swift; path = FeedLocalizationTests.swift; sourceTree = "<group>"; };
		119EDC7C2A3DEC9F008AB3BD /* MainQueueDispatchDecorator.swift */ = {isa = PBXFileReference; lastKnownFileType = sourcecode.swift; path = MainQueueDispatchDecorator.swift; sourceTree = "<group>"; };
		119EDC7E2A3DECC8008AB3BD /* WeakRefVirtualProxy.swift */ = {isa = PBXFileReference; lastKnownFileType = sourcecode.swift; path = WeakRefVirtualProxy.swift; sourceTree = "<group>"; };
		119EDC802A3DED4A008AB3BD /* FeedImageDataLoaderPresentationAdapter.swift */ = {isa = PBXFileReference; lastKnownFileType = sourcecode.swift; path = FeedImageDataLoaderPresentationAdapter.swift; sourceTree = "<group>"; };
		119EDC822A3DED95008AB3BD /* FeedLoaderPresentationAdapter.swift */ = {isa = PBXFileReference; lastKnownFileType = sourcecode.swift; path = FeedLoaderPresentationAdapter.swift; sourceTree = "<group>"; };
		119EDC842A3DEDBF008AB3BD /* FeedViewAdapter.swift */ = {isa = PBXFileReference; lastKnownFileType = sourcecode.swift; path = FeedViewAdapter.swift; sourceTree = "<group>"; };
		119EDC872A3DFA81008AB3BD /* FeedPresenterTests.swift */ = {isa = PBXFileReference; lastKnownFileType = sourcecode.swift; path = FeedPresenterTests.swift; sourceTree = "<group>"; };
		119EDC932A3DFF10008AB3BD /* en */ = {isa = PBXFileReference; lastKnownFileType = text.plist.strings; name = en; path = en.lproj/Feed.strings; sourceTree = "<group>"; };
		119EDC952A3DFF11008AB3BD /* el */ = {isa = PBXFileReference; lastKnownFileType = text.plist.strings; name = el; path = el.lproj/Feed.strings; sourceTree = "<group>"; };
		119EDC962A3DFF12008AB3BD /* pt-BR */ = {isa = PBXFileReference; lastKnownFileType = text.plist.strings; name = "pt-BR"; path = "pt-BR.lproj/Feed.strings"; sourceTree = "<group>"; };
		119EDCA12A3E0086008AB3BD /* FeedPresenter.swift */ = {isa = PBXFileReference; lastKnownFileType = sourcecode.swift; path = FeedPresenter.swift; sourceTree = "<group>"; };
		119EDCA42A3E020C008AB3BD /* FeedViewModel.swift */ = {isa = PBXFileReference; lastKnownFileType = sourcecode.swift; path = FeedViewModel.swift; sourceTree = "<group>"; };
		119EDCA62A3E0243008AB3BD /* FeedLoadingViewModel.swift */ = {isa = PBXFileReference; lastKnownFileType = sourcecode.swift; path = FeedLoadingViewModel.swift; sourceTree = "<group>"; };
		119EDCA82A3E0271008AB3BD /* FeedErrorViewModel.swift */ = {isa = PBXFileReference; lastKnownFileType = sourcecode.swift; path = FeedErrorViewModel.swift; sourceTree = "<group>"; };
		119EDCAC2A3E0598008AB3BD /* ErrorView.swift */ = {isa = PBXFileReference; lastKnownFileType = sourcecode.swift; path = ErrorView.swift; sourceTree = "<group>"; };
		11B9F7F529AD2E5200292F65 /* URLSessionHTTPClient.swift */ = {isa = PBXFileReference; lastKnownFileType = sourcecode.swift; path = URLSessionHTTPClient.swift; sourceTree = "<group>"; };
		11B9F7FB29AD31C200292F65 /* EssentialFeedAPIEndToEndTests.xctest */ = {isa = PBXFileReference; explicitFileType = wrapper.cfbundle; includeInIndex = 0; path = EssentialFeedAPIEndToEndTests.xctest; sourceTree = BUILT_PRODUCTS_DIR; };
		11B9F7FD29AD31C200292F65 /* EssentialFeedAPIEndToEndTests.swift */ = {isa = PBXFileReference; lastKnownFileType = sourcecode.swift; path = EssentialFeedAPIEndToEndTests.swift; sourceTree = "<group>"; };
		11C6F1D82941E8B10014966C /* XCTTestCase+MemoryLeakTracking.swift */ = {isa = PBXFileReference; lastKnownFileType = sourcecode.swift; path = "XCTTestCase+MemoryLeakTracking.swift"; sourceTree = "<group>"; };
/* End PBXFileReference section */

/* Begin PBXFrameworksBuildPhase section */
		110A0AE92937807600F98F62 /* Frameworks */ = {
			isa = PBXFrameworksBuildPhase;
			buildActionMask = 2147483647;
			files = (
			);
			runOnlyForDeploymentPostprocessing = 0;
		};
		110A0AF12937807600F98F62 /* Frameworks */ = {
			isa = PBXFrameworksBuildPhase;
			buildActionMask = 2147483647;
			files = (
				110A0AF52937807600F98F62 /* EssentialFeed.framework in Frameworks */,
			);
			runOnlyForDeploymentPostprocessing = 0;
		};
		1122E0082A2364980024705C /* Frameworks */ = {
			isa = PBXFrameworksBuildPhase;
			buildActionMask = 2147483647;
			files = (
			);
			runOnlyForDeploymentPostprocessing = 0;
		};
		1122E00F2A2364990024705C /* Frameworks */ = {
			isa = PBXFrameworksBuildPhase;
			buildActionMask = 2147483647;
			files = (
				1122E0132A2364990024705C /* EssentialFeediOS.framework in Frameworks */,
			);
			runOnlyForDeploymentPostprocessing = 0;
		};
		115AFB1629F56F4C00259647 /* Frameworks */ = {
			isa = PBXFrameworksBuildPhase;
			buildActionMask = 2147483647;
			files = (
				115AFB1D29F56F4C00259647 /* EssentialFeed.framework in Frameworks */,
			);
			runOnlyForDeploymentPostprocessing = 0;
		};
		11B9F7F829AD31C200292F65 /* Frameworks */ = {
			isa = PBXFrameworksBuildPhase;
			buildActionMask = 2147483647;
			files = (
				11B9F7FF29AD31C200292F65 /* EssentialFeed.framework in Frameworks */,
			);
			runOnlyForDeploymentPostprocessing = 0;
		};
/* End PBXFrameworksBuildPhase section */

/* Begin PBXGroup section */
		110A0AE22937807600F98F62 = {
			isa = PBXGroup;
			children = (
				110A0AEE2937807600F98F62 /* EssentialFeed */,
				110A0AF82937807600F98F62 /* EssentialFeedTests */,
				11B9F7FC29AD31C200292F65 /* EssentialFeedAPIEndToEndTests */,
				115AFB1A29F56F4C00259647 /* EssentialFeedCacheIntegrationTests */,
				1122E00C2A2364990024705C /* EssentialFeediOS */,
				1122E0162A2364990024705C /* EssentialFeediOSTests */,
				110A0AED2937807600F98F62 /* Products */,
			);
			sourceTree = "<group>";
		};
		110A0AED2937807600F98F62 /* Products */ = {
			isa = PBXGroup;
			children = (
				110A0AEC2937807600F98F62 /* EssentialFeed.framework */,
				110A0AF42937807600F98F62 /* EssentialFeedTests.xctest */,
				11B9F7FB29AD31C200292F65 /* EssentialFeedAPIEndToEndTests.xctest */,
				115AFB1929F56F4C00259647 /* EssentialFeedCacheIntegrationTests.xctest */,
				1122E00B2A2364980024705C /* EssentialFeediOS.framework */,
				1122E0122A2364990024705C /* EssentialFeediOSTests.xctest */,
			);
			name = Products;
			sourceTree = "<group>";
		};
		110A0AEE2937807600F98F62 /* EssentialFeed */ = {
			isa = PBXGroup;
			children = (
				119EDCA02A3E0076008AB3BD /* FeedPresentation */,
				1196C30829AE86E5008E4A7B /* FeedCache */,
				110A0B0C29378F1900F98F62 /* FeedApi */,
				110A0AEF2937807600F98F62 /* EssentialFeed.h */,
				110A0B092937836100F98F62 /* FeedFeature */,
			);
			path = EssentialFeed;
			sourceTree = "<group>";
		};
		110A0AF82937807600F98F62 /* EssentialFeedTests */ = {
			isa = PBXGroup;
			children = (
				11C6F1D72941E88B0014966C /* Helpers */,
				1196C30529AE6B28008E4A7B /* FeedCache */,
				110A0B132938E21200F98F62 /* FeedApi */,
				119EDC862A3DFA5D008AB3BD /* FeedPresentation */,
			);
			path = EssentialFeedTests;
			sourceTree = "<group>";
		};
		110A0B092937836100F98F62 /* FeedFeature */ = {
			isa = PBXGroup;
			children = (
				112F43782A37CA6C009ED64E /* FeedImageDataLoader.swift */,
				110A0B042937826200F98F62 /* FeedImage.swift */,
				110A0B06293782CF00F98F62 /* FeedLoader.swift */,
				112C027F2A3F0D35007ABA34 /* FeedImagePresenter.swift */,
				112C02812A3F0D88007ABA34 /* FeedImageViewModel.swift */,
			);
			path = FeedFeature;
			sourceTree = "<group>";
		};
		110A0B0C29378F1900F98F62 /* FeedApi */ = {
			isa = PBXGroup;
			children = (
				110A0B0D29378F3D00F98F62 /* RemoteFeedLoader.swift */,
				110A0B0F2938CB8500F98F62 /* HTTPClient.swift */,
				110A0B112938CBEC00F98F62 /* FeedItemMapper.swift */,
				11B9F7F529AD2E5200292F65 /* URLSessionHTTPClient.swift */,
				1196C30D29AE90F9008E4A7B /* RemoteFeedItem.swift */,
			);
			path = FeedApi;
			sourceTree = "<group>";
		};
		110A0B132938E21200F98F62 /* FeedApi */ = {
			isa = PBXGroup;
			children = (
				110A0B0A293785B500F98F62 /* LoadFeedFromRemoteUseCaseTests.swift */,
				110A0B14293934F700F98F62 /* URLSessionHTTPClientTests.swift */,
				112C02842A3F1013007ABA34 /* RemoteFeedImageDataLoaderTests.swift */,
			);
			path = FeedApi;
			sourceTree = "<group>";
		};
		11109CBB29B65481009DB40F /* Helpers */ = {
			isa = PBXGroup;
			children = (
				11109CBC29B65493009DB40F /* FeedStoreSpy.swift */,
				1121659529D4CF0000973E67 /* FeedCacheTestHelpers.swift */,
				1121659729D4CF1E00973E67 /* SharedTestHelpers.swift */,
			);
			path = Helpers;
			sourceTree = "<group>";
		};
		1122E00C2A2364990024705C /* EssentialFeediOS */ = {
			isa = PBXGroup;
			children = (
				112F43772A37CA5D009ED64E /* FeedImageLoader */,
				112F43752A37C9FE009ED64E /* Feed UI */,
			);
			path = EssentialFeediOS;
			sourceTree = "<group>";
		};
		1122E0162A2364990024705C /* EssentialFeediOSTests */ = {
			isa = PBXGroup;
			children = (
				112F43762A37CA11009ED64E /* Feed UI */,
				112F43612A37C5BB009ED64E /* Helpers */,
				1122E0202A2366880024705C /* FeedUIIntegrationTests.xctestplan */,
			);
			path = EssentialFeediOSTests;
			sourceTree = "<group>";
		};
		112F43612A37C5BB009ED64E /* Helpers */ = {
			isa = PBXGroup;
			children = (
				112F43622A37C5D2009ED64E /* UIImage+TestHelpers.swift */,
				112F43642A37C62D009ED64E /* UIRefreshControl+TestHelpers.swift */,
				112F43662A37C65C009ED64E /* UIButton+TestHelpers.swift */,
				112F43682A37C689009ED64E /* UIControl+TestHelpers.swift */,
				112F436D2A37C831009ED64E /* FeedViewController+TestHelpers.swift */,
				112F436F2A37C8C3009ED64E /* FeedImageCell+TestHelpers.swift */,
				112F43712A37C931009ED64E /* FeedUIIntegrationTests +LoaderSpy.swift */,
				112F43732A37C993009ED64E /* FeedUIIntegrationTests +Assertions.swift */,
				119EDC702A3DC107008AB3BD /* FeedUIIntegrationTests +Localization.swift */,
			);
			path = Helpers;
			sourceTree = "<group>";
		};
		112F436A2A37C6E6009ED64E /* Controllers */ = {
			isa = PBXGroup;
			children = (
				112F435B2A37B3D0009ED64E /* FeedViewController.swift */,
				112F437C2A37CB62009ED64E /* FeedImageCellController.swift */,
			);
			path = Controllers;
			sourceTree = "<group>";
		};
		112F436B2A37C6F2009ED64E /* Views */ = {
			isa = PBXGroup;
			children = (
				119EDC662A3DB6BD008AB3BD /* Feed.storyboard */,
				119EDC672A3DB6BD008AB3BD /* Feed.xcassets */,
				112F435F2A37BA42009ED64E /* UIView+Shimmering.swift */,
				112F435D2A37B437009ED64E /* FeedImageCell.swift */,
				119EDC6A2A3DBD2F008AB3BD /* UITableView+Dequeueing.swift */,
				119EDC6C2A3DBDA3008AB3BD /* UIImageView+Animations.swift */,
				119EDCAC2A3E0598008AB3BD /* ErrorView.swift */,
			);
			path = Views;
			sourceTree = "<group>";
		};
		112F436C2A37C6FF009ED64E /* Controllers */ = {
			isa = PBXGroup;
			children = (
				1122E0172A2364990024705C /* FeedUIIntegrationTests.swift */,
			);
			path = Controllers;
			sourceTree = "<group>";
		};
		112F43752A37C9FE009ED64E /* Feed UI */ = {
			isa = PBXGroup;
			children = (
				112F437E2A37CC01009ED64E /* Composers */,
				112F436A2A37C6E6009ED64E /* Controllers */,
				112F436B2A37C6F2009ED64E /* Views */,
			);
			path = "Feed UI";
			sourceTree = "<group>";
		};
		112F43762A37CA11009ED64E /* Feed UI */ = {
			isa = PBXGroup;
			children = (
				112F436C2A37C6FF009ED64E /* Controllers */,
			);
			path = "Feed UI";
			sourceTree = "<group>";
		};
		112F43772A37CA5D009ED64E /* FeedImageLoader */ = {
			isa = PBXGroup;
			children = (
			);
			path = FeedImageLoader;
			sourceTree = "<group>";
		};
		112F437E2A37CC01009ED64E /* Composers */ = {
			isa = PBXGroup;
			children = (
				112F437F2A37CC0A009ED64E /* FeedUIComposer.swift */,
				119EDC7C2A3DEC9F008AB3BD /* MainQueueDispatchDecorator.swift */,
				119EDC7E2A3DECC8008AB3BD /* WeakRefVirtualProxy.swift */,
				119EDC802A3DED4A008AB3BD /* FeedImageDataLoaderPresentationAdapter.swift */,
				119EDC822A3DED95008AB3BD /* FeedLoaderPresentationAdapter.swift */,
				119EDC842A3DEDBF008AB3BD /* FeedViewAdapter.swift */,
			);
			path = Composers;
			sourceTree = "<group>";
		};
		115AFB0529F55AD800259647 /* FeedStoreSpecs */ = {
			isa = PBXGroup;
			children = (
				115AFAFB29F5553300259647 /* FeedStoreSpecs.swift */,
				115AFAFD29F5564400259647 /* XCTestCase+FeedStoreSpecs.swift */,
				115AFAFF29F5594C00259647 /* XCTestCase+FailableRetrieveFeedStoreSpecs.swift */,
				115AFB0129F559FD00259647 /* XCTestCase+FailableInsertFeedStoreSpecs.swift */,
				115AFB0329F55A6800259647 /* XCTestCase+FailableDeleteFeedStoreSpecs.swift */,
			);
			path = FeedStoreSpecs;
			sourceTree = "<group>";
		};
		115AFB0D29F56AF600259647 /* Infrastructure */ = {
			isa = PBXGroup;
			children = (
				115AFB0E29F56BE000259647 /* CoreData */,
			);
			path = Infrastructure;
			sourceTree = "<group>";
		};
		115AFB0E29F56BE000259647 /* CoreData */ = {
			isa = PBXGroup;
			children = (
				115AFB0A29F55E4800259647 /* FeedStore.xcdatamodeld */,
				115AFB0829F55BB000259647 /* CoreDataFeedStore.swift */,
				115AFB0F29F56BEE00259647 /* CoreDataHelpers.swift */,
				115AFB1129F56C9D00259647 /* ManagedCache.swift */,
				115AFB1329F56CA600259647 /* ManagedFeedImage.swift */,
			);
			path = CoreData;
			sourceTree = "<group>";
		};
		115AFB1A29F56F4C00259647 /* EssentialFeedCacheIntegrationTests */ = {
			isa = PBXGroup;
			children = (
				115AFB1B29F56F4C00259647 /* EssentialFeedCacheIntegrationTests.swift */,
			);
			path = EssentialFeedCacheIntegrationTests;
			sourceTree = "<group>";
		};
		1196C30529AE6B28008E4A7B /* FeedCache */ = {
			isa = PBXGroup;
			children = (
				115AFB0529F55AD800259647 /* FeedStoreSpecs */,
				11109CBB29B65481009DB40F /* Helpers */,
				1196C30629AE6B43008E4A7B /* CacheFeedUseCaseTests.swift */,
				11109CB929B6526E009DB40F /* LoadFeedFromCacheUseCaseTests.swift */,
				1121659329D4CCFC00973E67 /* ValidateFeedCacheUseCaseTests.swift */,
				115AFB0629F55B5B00259647 /* CoreDataFeedStoreTests.swift */,
			);
			path = FeedCache;
			sourceTree = "<group>";
		};
		1196C30829AE86E5008E4A7B /* FeedCache */ = {
			isa = PBXGroup;
			children = (
				115AFB0D29F56AF600259647 /* Infrastructure */,
				1121659929D4D65900973E67 /* FeedCachePolicy.swift */,
				1196C30929AE86F2008E4A7B /* LocalFeedLoader.swift */,
				1196C30B29AE878F008E4A7B /* FeedStore.swift */,
				1196C30F29AE9132008E4A7B /* LocalFeedImage.swift */,
			);
			path = FeedCache;
			sourceTree = "<group>";
		};
		119EDC862A3DFA5D008AB3BD /* FeedPresentation */ = {
			isa = PBXGroup;
			children = (
				119EDC7A2A3DC3CF008AB3BD /* FeedLocalizationTests.swift */,
				119EDC872A3DFA81008AB3BD /* FeedPresenterTests.swift */,
				112C027D2A3F09CB007ABA34 /* FeedImagePresenterTests.swift */,
			);
			path = FeedPresentation;
			sourceTree = "<group>";
		};
		119EDCA02A3E0076008AB3BD /* FeedPresentation */ = {
			isa = PBXGroup;
			children = (
				119EDC942A3DFF10008AB3BD /* Feed.strings */,
				119EDCA12A3E0086008AB3BD /* FeedPresenter.swift */,
				119EDCA42A3E020C008AB3BD /* FeedViewModel.swift */,
				119EDCA62A3E0243008AB3BD /* FeedLoadingViewModel.swift */,
				119EDCA82A3E0271008AB3BD /* FeedErrorViewModel.swift */,
			);
			path = FeedPresentation;
			sourceTree = "<group>";
		};
		11B9F7FC29AD31C200292F65 /* EssentialFeedAPIEndToEndTests */ = {
			isa = PBXGroup;
			children = (
				11B9F7FD29AD31C200292F65 /* EssentialFeedAPIEndToEndTests.swift */,
			);
			path = EssentialFeedAPIEndToEndTests;
			sourceTree = "<group>";
		};
		11C6F1D72941E88B0014966C /* Helpers */ = {
			isa = PBXGroup;
			children = (
				11C6F1D82941E8B10014966C /* XCTTestCase+MemoryLeakTracking.swift */,
			);
			path = Helpers;
			sourceTree = "<group>";
		};
/* End PBXGroup section */

/* Begin PBXHeadersBuildPhase section */
		110A0AE72937807600F98F62 /* Headers */ = {
			isa = PBXHeadersBuildPhase;
			buildActionMask = 2147483647;
			files = (
				110A0AFB2937807600F98F62 /* EssentialFeed.h in Headers */,
			);
			runOnlyForDeploymentPostprocessing = 0;
		};
		1122E0062A2364980024705C /* Headers */ = {
			isa = PBXHeadersBuildPhase;
			buildActionMask = 2147483647;
			files = (
			);
			runOnlyForDeploymentPostprocessing = 0;
		};
/* End PBXHeadersBuildPhase section */

/* Begin PBXNativeTarget section */
		110A0AEB2937807600F98F62 /* EssentialFeed */ = {
			isa = PBXNativeTarget;
			buildConfigurationList = 110A0AFE2937807600F98F62 /* Build configuration list for PBXNativeTarget "EssentialFeed" */;
			buildPhases = (
				110A0AE72937807600F98F62 /* Headers */,
				110A0AE82937807600F98F62 /* Sources */,
				110A0AE92937807600F98F62 /* Frameworks */,
				110A0AEA2937807600F98F62 /* Resources */,
			);
			buildRules = (
			);
			dependencies = (
			);
			name = EssentialFeed;
			productName = EssentialFeed;
			productReference = 110A0AEC2937807600F98F62 /* EssentialFeed.framework */;
			productType = "com.apple.product-type.framework";
		};
		110A0AF32937807600F98F62 /* EssentialFeedTests */ = {
			isa = PBXNativeTarget;
			buildConfigurationList = 110A0B012937807600F98F62 /* Build configuration list for PBXNativeTarget "EssentialFeedTests" */;
			buildPhases = (
				110A0AF02937807600F98F62 /* Sources */,
				110A0AF12937807600F98F62 /* Frameworks */,
				110A0AF22937807600F98F62 /* Resources */,
			);
			buildRules = (
			);
			dependencies = (
				110A0AF72937807600F98F62 /* PBXTargetDependency */,
			);
			name = EssentialFeedTests;
			productName = EssentialFeedTests;
			productReference = 110A0AF42937807600F98F62 /* EssentialFeedTests.xctest */;
			productType = "com.apple.product-type.bundle.unit-test";
		};
		1122E00A2A2364980024705C /* EssentialFeediOS */ = {
			isa = PBXNativeTarget;
			buildConfigurationList = 1122E01A2A2364990024705C /* Build configuration list for PBXNativeTarget "EssentialFeediOS" */;
			buildPhases = (
				1122E0062A2364980024705C /* Headers */,
				1122E0072A2364980024705C /* Sources */,
				1122E0082A2364980024705C /* Frameworks */,
				1122E0092A2364980024705C /* Resources */,
			);
			buildRules = (
			);
			dependencies = (
			);
			name = EssentialFeediOS;
			productName = EssentialFeediOS;
			productReference = 1122E00B2A2364980024705C /* EssentialFeediOS.framework */;
			productType = "com.apple.product-type.framework";
		};
		1122E0112A2364990024705C /* EssentialFeediOSTests */ = {
			isa = PBXNativeTarget;
			buildConfigurationList = 1122E01D2A2364990024705C /* Build configuration list for PBXNativeTarget "EssentialFeediOSTests" */;
			buildPhases = (
				1122E00E2A2364990024705C /* Sources */,
				1122E00F2A2364990024705C /* Frameworks */,
				1122E0102A2364990024705C /* Resources */,
			);
			buildRules = (
			);
			dependencies = (
				1122E0152A2364990024705C /* PBXTargetDependency */,
			);
			name = EssentialFeediOSTests;
			productName = EssentialFeediOSTests;
			productReference = 1122E0122A2364990024705C /* EssentialFeediOSTests.xctest */;
			productType = "com.apple.product-type.bundle.unit-test";
		};
		115AFB1829F56F4C00259647 /* EssentialFeedCacheIntegrationTests */ = {
			isa = PBXNativeTarget;
			buildConfigurationList = 115AFB2029F56F4C00259647 /* Build configuration list for PBXNativeTarget "EssentialFeedCacheIntegrationTests" */;
			buildPhases = (
				115AFB1529F56F4C00259647 /* Sources */,
				115AFB1629F56F4C00259647 /* Frameworks */,
				115AFB1729F56F4C00259647 /* Resources */,
			);
			buildRules = (
			);
			dependencies = (
				115AFB1F29F56F4C00259647 /* PBXTargetDependency */,
			);
			name = EssentialFeedCacheIntegrationTests;
			productName = EssentialFeedCacheIntegrationTests;
			productReference = 115AFB1929F56F4C00259647 /* EssentialFeedCacheIntegrationTests.xctest */;
			productType = "com.apple.product-type.bundle.unit-test";
		};
		11B9F7FA29AD31C200292F65 /* EssentialFeedAPIEndToEndTests */ = {
			isa = PBXNativeTarget;
			buildConfigurationList = 11B9F80229AD31C200292F65 /* Build configuration list for PBXNativeTarget "EssentialFeedAPIEndToEndTests" */;
			buildPhases = (
				11B9F7F729AD31C200292F65 /* Sources */,
				11B9F7F829AD31C200292F65 /* Frameworks */,
				11B9F7F929AD31C200292F65 /* Resources */,
			);
			buildRules = (
			);
			dependencies = (
				11B9F80129AD31C200292F65 /* PBXTargetDependency */,
			);
			name = EssentialFeedAPIEndToEndTests;
			productName = EssentialFeedAPIEndToEndTests;
			productReference = 11B9F7FB29AD31C200292F65 /* EssentialFeedAPIEndToEndTests.xctest */;
			productType = "com.apple.product-type.bundle.unit-test";
		};
/* End PBXNativeTarget section */

/* Begin PBXProject section */
		110A0AE32937807600F98F62 /* Project object */ = {
			isa = PBXProject;
			attributes = {
				BuildIndependentTargetsInParallel = 1;
				LastSwiftUpdateCheck = 1430;
				LastUpgradeCheck = 1410;
				TargetAttributes = {
					110A0AEB2937807600F98F62 = {
						CreatedOnToolsVersion = 14.1;
						LastSwiftMigration = 1410;
					};
					110A0AF32937807600F98F62 = {
						CreatedOnToolsVersion = 14.1;
					};
					1122E00A2A2364980024705C = {
						CreatedOnToolsVersion = 14.3;
						LastSwiftMigration = 1430;
					};
					1122E0112A2364990024705C = {
						CreatedOnToolsVersion = 14.3;
					};
					115AFB1829F56F4C00259647 = {
						CreatedOnToolsVersion = 14.2;
					};
					11B9F7FA29AD31C200292F65 = {
						CreatedOnToolsVersion = 14.1;
					};
				};
			};
			buildConfigurationList = 110A0AE62937807600F98F62 /* Build configuration list for PBXProject "EssentialFeed" */;
			compatibilityVersion = "Xcode 14.0";
			developmentRegion = en;
			hasScannedForEncodings = 0;
			knownRegions = (
				en,
				"pt-BR",
				Base,
				el,
			);
			mainGroup = 110A0AE22937807600F98F62;
			productRefGroup = 110A0AED2937807600F98F62 /* Products */;
			projectDirPath = "";
			projectRoot = "";
			targets = (
				110A0AEB2937807600F98F62 /* EssentialFeed */,
				110A0AF32937807600F98F62 /* EssentialFeedTests */,
				11B9F7FA29AD31C200292F65 /* EssentialFeedAPIEndToEndTests */,
				115AFB1829F56F4C00259647 /* EssentialFeedCacheIntegrationTests */,
				1122E00A2A2364980024705C /* EssentialFeediOS */,
				1122E0112A2364990024705C /* EssentialFeediOSTests */,
			);
		};
/* End PBXProject section */

/* Begin PBXResourcesBuildPhase section */
		110A0AEA2937807600F98F62 /* Resources */ = {
			isa = PBXResourcesBuildPhase;
			buildActionMask = 2147483647;
			files = (
				119EDCA32A3E01C0008AB3BD /* Feed.strings in Resources */,
			);
			runOnlyForDeploymentPostprocessing = 0;
		};
		110A0AF22937807600F98F62 /* Resources */ = {
			isa = PBXResourcesBuildPhase;
			buildActionMask = 2147483647;
			files = (
			);
			runOnlyForDeploymentPostprocessing = 0;
		};
		1122E0092A2364980024705C /* Resources */ = {
			isa = PBXResourcesBuildPhase;
			buildActionMask = 2147483647;
			files = (
				119EDC682A3DB6BD008AB3BD /* Feed.storyboard in Resources */,
				119EDC692A3DB6BD008AB3BD /* Feed.xcassets in Resources */,
			);
			runOnlyForDeploymentPostprocessing = 0;
		};
		1122E0102A2364990024705C /* Resources */ = {
			isa = PBXResourcesBuildPhase;
			buildActionMask = 2147483647;
			files = (
			);
			runOnlyForDeploymentPostprocessing = 0;
		};
		115AFB1729F56F4C00259647 /* Resources */ = {
			isa = PBXResourcesBuildPhase;
			buildActionMask = 2147483647;
			files = (
			);
			runOnlyForDeploymentPostprocessing = 0;
		};
		11B9F7F929AD31C200292F65 /* Resources */ = {
			isa = PBXResourcesBuildPhase;
			buildActionMask = 2147483647;
			files = (
			);
			runOnlyForDeploymentPostprocessing = 0;
		};
/* End PBXResourcesBuildPhase section */

/* Begin PBXSourcesBuildPhase section */
		110A0AE82937807600F98F62 /* Sources */ = {
			isa = PBXSourcesBuildPhase;
			buildActionMask = 2147483647;
			files = (
				115AFB1029F56BEE00259647 /* CoreDataHelpers.swift in Sources */,
				110A0B07293782CF00F98F62 /* FeedLoader.swift in Sources */,
				110A0B122938CBEC00F98F62 /* FeedItemMapper.swift in Sources */,
				1196C30E29AE90F9008E4A7B /* RemoteFeedItem.swift in Sources */,
				112C02822A3F0D88007ABA34 /* FeedImageViewModel.swift in Sources */,
				1121659B29D4D66E00973E67 /* FeedCachePolicy.swift in Sources */,
				110A0B0E29378F3D00F98F62 /* RemoteFeedLoader.swift in Sources */,
				115AFB0C29F55E4800259647 /* FeedStore.xcdatamodeld in Sources */,
				1196C31029AE9132008E4A7B /* LocalFeedImage.swift in Sources */,
				119EDCA52A3E020C008AB3BD /* FeedViewModel.swift in Sources */,
				1196C30C29AE878F008E4A7B /* FeedStore.swift in Sources */,
				1196C30A29AE86F2008E4A7B /* LocalFeedLoader.swift in Sources */,
				110A0B102938CB8500F98F62 /* HTTPClient.swift in Sources */,
				110A0B052937826200F98F62 /* FeedImage.swift in Sources */,
				119EDCA22A3E0086008AB3BD /* FeedPresenter.swift in Sources */,
				11B9F7F629AD2E5200292F65 /* URLSessionHTTPClient.swift in Sources */,
				115AFB1229F56C9D00259647 /* ManagedCache.swift in Sources */,
				115AFB0929F55BB000259647 /* CoreDataFeedStore.swift in Sources */,
				119EDCA92A3E0271008AB3BD /* FeedErrorViewModel.swift in Sources */,
				112C02832A3F0F65007ABA34 /* FeedImageDataLoader.swift in Sources */,
				119EDCA72A3E0243008AB3BD /* FeedLoadingViewModel.swift in Sources */,
				112C02802A3F0D35007ABA34 /* FeedImagePresenter.swift in Sources */,
				115AFB1429F56CA600259647 /* ManagedFeedImage.swift in Sources */,
			);
			runOnlyForDeploymentPostprocessing = 0;
		};
		110A0AF02937807600F98F62 /* Sources */ = {
			isa = PBXSourcesBuildPhase;
			buildActionMask = 2147483647;
			files = (
				1121659629D4CF0000973E67 /* FeedCacheTestHelpers.swift in Sources */,
				1121659429D4CCFC00973E67 /* ValidateFeedCacheUseCaseTests.swift in Sources */,
				119EDC882A3DFA81008AB3BD /* FeedPresenterTests.swift in Sources */,
				112C02852A3F1013007ABA34 /* RemoteFeedImageDataLoaderTests.swift in Sources */,
				110A0B0B293785B500F98F62 /* LoadFeedFromRemoteUseCaseTests.swift in Sources */,
				112C027E2A3F09CB007ABA34 /* FeedImagePresenterTests.swift in Sources */,
				115AFB0229F559FD00259647 /* XCTestCase+FailableInsertFeedStoreSpecs.swift in Sources */,
				112C027C2A3F094F007ABA34 /* FeedLocalizationTests.swift in Sources */,
				110A0B15293934F700F98F62 /* URLSessionHTTPClientTests.swift in Sources */,
				11109CBD29B65493009DB40F /* FeedStoreSpy.swift in Sources */,
				1121659829D4CF1E00973E67 /* SharedTestHelpers.swift in Sources */,
				1196C30729AE6B43008E4A7B /* CacheFeedUseCaseTests.swift in Sources */,
				115AFB0429F55A6800259647 /* XCTestCase+FailableDeleteFeedStoreSpecs.swift in Sources */,
				115AFB0029F5594C00259647 /* XCTestCase+FailableRetrieveFeedStoreSpecs.swift in Sources */,
				11109CBA29B6526E009DB40F /* LoadFeedFromCacheUseCaseTests.swift in Sources */,
				115AFAFC29F5553300259647 /* FeedStoreSpecs.swift in Sources */,
				11C6F1D92941E8B10014966C /* XCTTestCase+MemoryLeakTracking.swift in Sources */,
				115AFB0729F55B5B00259647 /* CoreDataFeedStoreTests.swift in Sources */,
				115AFAFE29F5564400259647 /* XCTestCase+FeedStoreSpecs.swift in Sources */,
			);
			runOnlyForDeploymentPostprocessing = 0;
		};
		1122E0072A2364980024705C /* Sources */ = {
			isa = PBXSourcesBuildPhase;
			buildActionMask = 2147483647;
			files = (
				112F43602A37BA42009ED64E /* UIView+Shimmering.swift in Sources */,
				119EDC6B2A3DBD2F008AB3BD /* UITableView+Dequeueing.swift in Sources */,
				119EDC832A3DED95008AB3BD /* FeedLoaderPresentationAdapter.swift in Sources */,
				112F435C2A37B3D0009ED64E /* FeedViewController.swift in Sources */,
				119EDC7F2A3DECC8008AB3BD /* WeakRefVirtualProxy.swift in Sources */,
				119EDC6D2A3DBDA3008AB3BD /* UIImageView+Animations.swift in Sources */,
				119EDC7D2A3DEC9F008AB3BD /* MainQueueDispatchDecorator.swift in Sources */,
				112F435E2A37B437009ED64E /* FeedImageCell.swift in Sources */,
				119EDC812A3DED4A008AB3BD /* FeedImageDataLoaderPresentationAdapter.swift in Sources */,
				112F437D2A37CB62009ED64E /* FeedImageCellController.swift in Sources */,
				119EDC852A3DEDBF008AB3BD /* FeedViewAdapter.swift in Sources */,
				112F43802A37CC0A009ED64E /* FeedUIComposer.swift in Sources */,
				119EDCAD2A3E0598008AB3BD /* ErrorView.swift in Sources */,
			);
			runOnlyForDeploymentPostprocessing = 0;
		};
		1122E00E2A2364990024705C /* Sources */ = {
			isa = PBXSourcesBuildPhase;
			buildActionMask = 2147483647;
			files = (
				11AD01772A37A9C70092B68F /* XCTTestCase+MemoryLeakTracking.swift in Sources */,
				112F43742A37C993009ED64E /* FeedUIIntegrationTests +Assertions.swift in Sources */,
				112F43672A37C65C009ED64E /* UIButton+TestHelpers.swift in Sources */,
				112F43652A37C62D009ED64E /* UIRefreshControl+TestHelpers.swift in Sources */,
				112F43692A37C689009ED64E /* UIControl+TestHelpers.swift in Sources */,
				112F43722A37C931009ED64E /* FeedUIIntegrationTests +LoaderSpy.swift in Sources */,
				112F436E2A37C831009ED64E /* FeedViewController+TestHelpers.swift in Sources */,
				1122E0182A2364990024705C /* FeedUIIntegrationTests.swift in Sources */,
				112F43632A37C5D2009ED64E /* UIImage+TestHelpers.swift in Sources */,
				112F43702A37C8C3009ED64E /* FeedImageCell+TestHelpers.swift in Sources */,
				119EDC712A3DC107008AB3BD /* FeedUIIntegrationTests +Localization.swift in Sources */,
			);
			runOnlyForDeploymentPostprocessing = 0;
		};
		115AFB1529F56F4C00259647 /* Sources */ = {
			isa = PBXSourcesBuildPhase;
			buildActionMask = 2147483647;
			files = (
				115AFB2629F571AE00259647 /* SharedTestHelpers.swift in Sources */,
				115AFB2329F5704A00259647 /* XCTTestCase+MemoryLeakTracking.swift in Sources */,
				115AFB2529F571A900259647 /* FeedCacheTestHelpers.swift in Sources */,
				115AFB1C29F56F4C00259647 /* EssentialFeedCacheIntegrationTests.swift in Sources */,
			);
			runOnlyForDeploymentPostprocessing = 0;
		};
		11B9F7F729AD31C200292F65 /* Sources */ = {
			isa = PBXSourcesBuildPhase;
			buildActionMask = 2147483647;
			files = (
				11B9F80529AD31FE00292F65 /* XCTTestCase+MemoryLeakTracking.swift in Sources */,
				11B9F7FE29AD31C200292F65 /* EssentialFeedAPIEndToEndTests.swift in Sources */,
			);
			runOnlyForDeploymentPostprocessing = 0;
		};
/* End PBXSourcesBuildPhase section */

/* Begin PBXTargetDependency section */
		110A0AF72937807600F98F62 /* PBXTargetDependency */ = {
			isa = PBXTargetDependency;
			target = 110A0AEB2937807600F98F62 /* EssentialFeed */;
			targetProxy = 110A0AF62937807600F98F62 /* PBXContainerItemProxy */;
		};
		1122E0152A2364990024705C /* PBXTargetDependency */ = {
			isa = PBXTargetDependency;
			target = 1122E00A2A2364980024705C /* EssentialFeediOS */;
			targetProxy = 1122E0142A2364990024705C /* PBXContainerItemProxy */;
		};
		115AFB1F29F56F4C00259647 /* PBXTargetDependency */ = {
			isa = PBXTargetDependency;
			target = 110A0AEB2937807600F98F62 /* EssentialFeed */;
			targetProxy = 115AFB1E29F56F4C00259647 /* PBXContainerItemProxy */;
		};
		11B9F80129AD31C200292F65 /* PBXTargetDependency */ = {
			isa = PBXTargetDependency;
			target = 110A0AEB2937807600F98F62 /* EssentialFeed */;
			targetProxy = 11B9F80029AD31C200292F65 /* PBXContainerItemProxy */;
		};
/* End PBXTargetDependency section */

/* Begin PBXVariantGroup section */
		119EDC942A3DFF10008AB3BD /* Feed.strings */ = {
			isa = PBXVariantGroup;
			children = (
				119EDC932A3DFF10008AB3BD /* en */,
				119EDC952A3DFF11008AB3BD /* el */,
				119EDC962A3DFF12008AB3BD /* pt-BR */,
			);
			name = Feed.strings;
			sourceTree = "<group>";
		};
/* End PBXVariantGroup section */

/* Begin XCBuildConfiguration section */
		110A0AFC2937807600F98F62 /* Debug */ = {
			isa = XCBuildConfiguration;
			buildSettings = {
				ALWAYS_SEARCH_USER_PATHS = NO;
				CLANG_ANALYZER_LOCALIZABILITY_NONLOCALIZED = YES;
				CLANG_ANALYZER_NONNULL = YES;
				CLANG_ANALYZER_NUMBER_OBJECT_CONVERSION = YES_AGGRESSIVE;
				CLANG_CXX_LANGUAGE_STANDARD = "gnu++20";
				CLANG_ENABLE_MODULES = YES;
				CLANG_ENABLE_OBJC_ARC = YES;
				CLANG_ENABLE_OBJC_WEAK = YES;
				CLANG_WARN_BLOCK_CAPTURE_AUTORELEASING = YES;
				CLANG_WARN_BOOL_CONVERSION = YES;
				CLANG_WARN_COMMA = YES;
				CLANG_WARN_CONSTANT_CONVERSION = YES;
				CLANG_WARN_DEPRECATED_OBJC_IMPLEMENTATIONS = YES;
				CLANG_WARN_DIRECT_OBJC_ISA_USAGE = YES_ERROR;
				CLANG_WARN_DOCUMENTATION_COMMENTS = YES;
				CLANG_WARN_EMPTY_BODY = YES;
				CLANG_WARN_ENUM_CONVERSION = YES;
				CLANG_WARN_INFINITE_RECURSION = YES;
				CLANG_WARN_INT_CONVERSION = YES;
				CLANG_WARN_NON_LITERAL_NULL_CONVERSION = YES;
				CLANG_WARN_OBJC_IMPLICIT_RETAIN_SELF = YES;
				CLANG_WARN_OBJC_LITERAL_CONVERSION = YES;
				CLANG_WARN_OBJC_ROOT_CLASS = YES_ERROR;
				CLANG_WARN_QUOTED_INCLUDE_IN_FRAMEWORK_HEADER = YES;
				CLANG_WARN_RANGE_LOOP_ANALYSIS = YES;
				CLANG_WARN_STRICT_PROTOTYPES = YES;
				CLANG_WARN_SUSPICIOUS_MOVE = YES;
				CLANG_WARN_UNGUARDED_AVAILABILITY = YES_AGGRESSIVE;
				CLANG_WARN_UNREACHABLE_CODE = YES;
				CLANG_WARN__DUPLICATE_METHOD_MATCH = YES;
				COPY_PHASE_STRIP = NO;
				CURRENT_PROJECT_VERSION = 1;
				DEBUG_INFORMATION_FORMAT = dwarf;
				ENABLE_STRICT_OBJC_MSGSEND = YES;
				ENABLE_TESTABILITY = YES;
				GCC_C_LANGUAGE_STANDARD = gnu11;
				GCC_DYNAMIC_NO_PIC = NO;
				GCC_NO_COMMON_BLOCKS = YES;
				GCC_OPTIMIZATION_LEVEL = 0;
				GCC_PREPROCESSOR_DEFINITIONS = (
					"DEBUG=1",
					"$(inherited)",
				);
				GCC_WARN_64_TO_32_BIT_CONVERSION = YES;
				GCC_WARN_ABOUT_RETURN_TYPE = YES_ERROR;
				GCC_WARN_UNDECLARED_SELECTOR = YES;
				GCC_WARN_UNINITIALIZED_AUTOS = YES_AGGRESSIVE;
				GCC_WARN_UNUSED_FUNCTION = YES;
				GCC_WARN_UNUSED_VARIABLE = YES;
				MACOSX_DEPLOYMENT_TARGET = 12.6;
				MTL_ENABLE_DEBUG_INFO = INCLUDE_SOURCE;
				MTL_FAST_MATH = YES;
				ONLY_ACTIVE_ARCH = YES;
				SDKROOT = macosx;
				SWIFT_ACTIVE_COMPILATION_CONDITIONS = DEBUG;
				SWIFT_OPTIMIZATION_LEVEL = "-Onone";
				VERSIONING_SYSTEM = "apple-generic";
				VERSION_INFO_PREFIX = "";
			};
			name = Debug;
		};
		110A0AFD2937807600F98F62 /* Release */ = {
			isa = XCBuildConfiguration;
			buildSettings = {
				ALWAYS_SEARCH_USER_PATHS = NO;
				CLANG_ANALYZER_LOCALIZABILITY_NONLOCALIZED = YES;
				CLANG_ANALYZER_NONNULL = YES;
				CLANG_ANALYZER_NUMBER_OBJECT_CONVERSION = YES_AGGRESSIVE;
				CLANG_CXX_LANGUAGE_STANDARD = "gnu++20";
				CLANG_ENABLE_MODULES = YES;
				CLANG_ENABLE_OBJC_ARC = YES;
				CLANG_ENABLE_OBJC_WEAK = YES;
				CLANG_WARN_BLOCK_CAPTURE_AUTORELEASING = YES;
				CLANG_WARN_BOOL_CONVERSION = YES;
				CLANG_WARN_COMMA = YES;
				CLANG_WARN_CONSTANT_CONVERSION = YES;
				CLANG_WARN_DEPRECATED_OBJC_IMPLEMENTATIONS = YES;
				CLANG_WARN_DIRECT_OBJC_ISA_USAGE = YES_ERROR;
				CLANG_WARN_DOCUMENTATION_COMMENTS = YES;
				CLANG_WARN_EMPTY_BODY = YES;
				CLANG_WARN_ENUM_CONVERSION = YES;
				CLANG_WARN_INFINITE_RECURSION = YES;
				CLANG_WARN_INT_CONVERSION = YES;
				CLANG_WARN_NON_LITERAL_NULL_CONVERSION = YES;
				CLANG_WARN_OBJC_IMPLICIT_RETAIN_SELF = YES;
				CLANG_WARN_OBJC_LITERAL_CONVERSION = YES;
				CLANG_WARN_OBJC_ROOT_CLASS = YES_ERROR;
				CLANG_WARN_QUOTED_INCLUDE_IN_FRAMEWORK_HEADER = YES;
				CLANG_WARN_RANGE_LOOP_ANALYSIS = YES;
				CLANG_WARN_STRICT_PROTOTYPES = YES;
				CLANG_WARN_SUSPICIOUS_MOVE = YES;
				CLANG_WARN_UNGUARDED_AVAILABILITY = YES_AGGRESSIVE;
				CLANG_WARN_UNREACHABLE_CODE = YES;
				CLANG_WARN__DUPLICATE_METHOD_MATCH = YES;
				COPY_PHASE_STRIP = NO;
				CURRENT_PROJECT_VERSION = 1;
				DEBUG_INFORMATION_FORMAT = "dwarf-with-dsym";
				ENABLE_NS_ASSERTIONS = NO;
				ENABLE_STRICT_OBJC_MSGSEND = YES;
				GCC_C_LANGUAGE_STANDARD = gnu11;
				GCC_NO_COMMON_BLOCKS = YES;
				GCC_WARN_64_TO_32_BIT_CONVERSION = YES;
				GCC_WARN_ABOUT_RETURN_TYPE = YES_ERROR;
				GCC_WARN_UNDECLARED_SELECTOR = YES;
				GCC_WARN_UNINITIALIZED_AUTOS = YES_AGGRESSIVE;
				GCC_WARN_UNUSED_FUNCTION = YES;
				GCC_WARN_UNUSED_VARIABLE = YES;
				MACOSX_DEPLOYMENT_TARGET = 12.6;
				MTL_ENABLE_DEBUG_INFO = NO;
				MTL_FAST_MATH = YES;
				SDKROOT = macosx;
				SWIFT_COMPILATION_MODE = wholemodule;
				SWIFT_OPTIMIZATION_LEVEL = "-O";
				VERSIONING_SYSTEM = "apple-generic";
				VERSION_INFO_PREFIX = "";
			};
			name = Release;
		};
		110A0AFF2937807600F98F62 /* Debug */ = {
			isa = XCBuildConfiguration;
			buildSettings = {
				CLANG_ENABLE_MODULES = YES;
				CODE_SIGN_STYLE = Automatic;
				COMBINE_HIDPI_IMAGES = YES;
				CURRENT_PROJECT_VERSION = 1;
				DEFINES_MODULE = YES;
				DEVELOPMENT_TEAM = 4JDZ4BJ4PW;
				DYLIB_COMPATIBILITY_VERSION = 1;
				DYLIB_CURRENT_VERSION = 1;
				DYLIB_INSTALL_NAME_BASE = "@rpath";
				GENERATE_INFOPLIST_FILE = YES;
				INFOPLIST_KEY_NSHumanReadableCopyright = "";
				INSTALL_PATH = "$(LOCAL_LIBRARY_DIR)/Frameworks";
				LD_RUNPATH_SEARCH_PATHS = (
					"$(inherited)",
					"@executable_path/../Frameworks",
					"@loader_path/Frameworks",
				);
				MARKETING_VERSION = 1.0;
				PRODUCT_BUNDLE_IDENTIFIER = com.zvonimirpavlovic.EssentialFeed;
				PRODUCT_NAME = "$(TARGET_NAME:c99extidentifier)";
				SKIP_INSTALL = YES;
				SUPPORTED_PLATFORMS = "macosx iphonesimulator iphoneos";
				SWIFT_EMIT_LOC_STRINGS = YES;
				SWIFT_OPTIMIZATION_LEVEL = "-Onone";
				SWIFT_VERSION = 5.0;
			};
			name = Debug;
		};
		110A0B002937807600F98F62 /* Release */ = {
			isa = XCBuildConfiguration;
			buildSettings = {
				CLANG_ENABLE_MODULES = YES;
				CODE_SIGN_STYLE = Automatic;
				COMBINE_HIDPI_IMAGES = YES;
				CURRENT_PROJECT_VERSION = 1;
				DEFINES_MODULE = YES;
				DEVELOPMENT_TEAM = 4JDZ4BJ4PW;
				DYLIB_COMPATIBILITY_VERSION = 1;
				DYLIB_CURRENT_VERSION = 1;
				DYLIB_INSTALL_NAME_BASE = "@rpath";
				GENERATE_INFOPLIST_FILE = YES;
				INFOPLIST_KEY_NSHumanReadableCopyright = "";
				INSTALL_PATH = "$(LOCAL_LIBRARY_DIR)/Frameworks";
				LD_RUNPATH_SEARCH_PATHS = (
					"$(inherited)",
					"@executable_path/../Frameworks",
					"@loader_path/Frameworks",
				);
				MARKETING_VERSION = 1.0;
				PRODUCT_BUNDLE_IDENTIFIER = com.zvonimirpavlovic.EssentialFeed;
				PRODUCT_NAME = "$(TARGET_NAME:c99extidentifier)";
				SKIP_INSTALL = YES;
				SUPPORTED_PLATFORMS = "macosx iphonesimulator iphoneos";
				SWIFT_EMIT_LOC_STRINGS = YES;
				SWIFT_VERSION = 5.0;
			};
			name = Release;
		};
		110A0B022937807600F98F62 /* Debug */ = {
			isa = XCBuildConfiguration;
			buildSettings = {
				ALWAYS_EMBED_SWIFT_STANDARD_LIBRARIES = YES;
				CODE_SIGN_STYLE = Automatic;
				CURRENT_PROJECT_VERSION = 1;
				DEVELOPMENT_TEAM = 4JDZ4BJ4PW;
				GENERATE_INFOPLIST_FILE = YES;
				MARKETING_VERSION = 1.0;
				PRODUCT_BUNDLE_IDENTIFIER = com.zvonimirpavlovic.EssentialFeedTests;
				PRODUCT_NAME = "$(TARGET_NAME)";
				SUPPORTED_PLATFORMS = "macosx iphoneos iphonesimulator";
				SWIFT_EMIT_LOC_STRINGS = NO;
				SWIFT_VERSION = 5.0;
			};
			name = Debug;
		};
		110A0B032937807600F98F62 /* Release */ = {
			isa = XCBuildConfiguration;
			buildSettings = {
				ALWAYS_EMBED_SWIFT_STANDARD_LIBRARIES = YES;
				CODE_SIGN_STYLE = Automatic;
				CURRENT_PROJECT_VERSION = 1;
				DEVELOPMENT_TEAM = 4JDZ4BJ4PW;
				GENERATE_INFOPLIST_FILE = YES;
				MARKETING_VERSION = 1.0;
				PRODUCT_BUNDLE_IDENTIFIER = com.zvonimirpavlovic.EssentialFeedTests;
				PRODUCT_NAME = "$(TARGET_NAME)";
				SUPPORTED_PLATFORMS = "macosx iphoneos iphonesimulator";
				SWIFT_EMIT_LOC_STRINGS = NO;
				SWIFT_VERSION = 5.0;
			};
			name = Release;
		};
		1122E01B2A2364990024705C /* Debug */ = {
			isa = XCBuildConfiguration;
			buildSettings = {
				CLANG_ENABLE_MODULES = YES;
				CODE_SIGN_STYLE = Automatic;
				COMBINE_HIDPI_IMAGES = YES;
				CURRENT_PROJECT_VERSION = 1;
				DEFINES_MODULE = YES;
				DEVELOPMENT_TEAM = 4JDZ4BJ4PW;
				DYLIB_COMPATIBILITY_VERSION = 1;
				DYLIB_CURRENT_VERSION = 1;
				DYLIB_INSTALL_NAME_BASE = "@rpath";
				ENABLE_MODULE_VERIFIER = YES;
				GENERATE_INFOPLIST_FILE = YES;
				INFOPLIST_KEY_NSHumanReadableCopyright = "";
				INSTALL_PATH = "$(LOCAL_LIBRARY_DIR)/Frameworks";
				LD_RUNPATH_SEARCH_PATHS = (
					"$(inherited)",
					"@executable_path/../Frameworks",
					"@loader_path/Frameworks",
				);
				MACOSX_DEPLOYMENT_TARGET = 13.2;
				MARKETING_VERSION = 1.0;
				MODULE_VERIFIER_SUPPORTED_LANGUAGES = "objective-c objective-c++";
				MODULE_VERIFIER_SUPPORTED_LANGUAGE_STANDARDS = "gnu11 gnu++20";
				PRODUCT_BUNDLE_IDENTIFIER = com.zvonimirpavlovic.EssentialFeediOS;
				PRODUCT_NAME = "$(TARGET_NAME:c99extidentifier)";
				SKIP_INSTALL = YES;
				SUPPORTED_PLATFORMS = "iphonesimulator iphoneos";
				SWIFT_EMIT_LOC_STRINGS = YES;
				SWIFT_OPTIMIZATION_LEVEL = "-Onone";
				SWIFT_VERSION = 5.0;
			};
			name = Debug;
		};
		1122E01C2A2364990024705C /* Release */ = {
			isa = XCBuildConfiguration;
			buildSettings = {
				CLANG_ENABLE_MODULES = YES;
				CODE_SIGN_STYLE = Automatic;
				COMBINE_HIDPI_IMAGES = YES;
				CURRENT_PROJECT_VERSION = 1;
				DEFINES_MODULE = YES;
				DEVELOPMENT_TEAM = 4JDZ4BJ4PW;
				DYLIB_COMPATIBILITY_VERSION = 1;
				DYLIB_CURRENT_VERSION = 1;
				DYLIB_INSTALL_NAME_BASE = "@rpath";
				ENABLE_MODULE_VERIFIER = YES;
				GENERATE_INFOPLIST_FILE = YES;
				INFOPLIST_KEY_NSHumanReadableCopyright = "";
				INSTALL_PATH = "$(LOCAL_LIBRARY_DIR)/Frameworks";
				LD_RUNPATH_SEARCH_PATHS = (
					"$(inherited)",
					"@executable_path/../Frameworks",
					"@loader_path/Frameworks",
				);
				MACOSX_DEPLOYMENT_TARGET = 13.2;
				MARKETING_VERSION = 1.0;
				MODULE_VERIFIER_SUPPORTED_LANGUAGES = "objective-c objective-c++";
				MODULE_VERIFIER_SUPPORTED_LANGUAGE_STANDARDS = "gnu11 gnu++20";
				PRODUCT_BUNDLE_IDENTIFIER = com.zvonimirpavlovic.EssentialFeediOS;
				PRODUCT_NAME = "$(TARGET_NAME:c99extidentifier)";
				SKIP_INSTALL = YES;
				SUPPORTED_PLATFORMS = "iphonesimulator iphoneos";
				SWIFT_EMIT_LOC_STRINGS = YES;
				SWIFT_VERSION = 5.0;
			};
			name = Release;
		};
		1122E01E2A2364990024705C /* Debug */ = {
			isa = XCBuildConfiguration;
			buildSettings = {
				ALWAYS_EMBED_SWIFT_STANDARD_LIBRARIES = YES;
				CODE_SIGN_STYLE = Automatic;
				CURRENT_PROJECT_VERSION = 1;
				DEVELOPMENT_TEAM = 4JDZ4BJ4PW;
				GENERATE_INFOPLIST_FILE = YES;
				MACOSX_DEPLOYMENT_TARGET = 13.2;
				MARKETING_VERSION = 1.0;
				PRODUCT_BUNDLE_IDENTIFIER = com.zvonimirpavlovic.EssentialFeediOSTests;
				PRODUCT_NAME = "$(TARGET_NAME)";
				SUPPORTED_PLATFORMS = "iphoneos iphonesimulator";
				SUPPORTS_MACCATALYST = NO;
				SUPPORTS_MAC_DESIGNED_FOR_IPHONE_IPAD = NO;
				SWIFT_EMIT_LOC_STRINGS = NO;
				SWIFT_VERSION = 5.0;
				TARGETED_DEVICE_FAMILY = 1;
			};
			name = Debug;
		};
		1122E01F2A2364990024705C /* Release */ = {
			isa = XCBuildConfiguration;
			buildSettings = {
				ALWAYS_EMBED_SWIFT_STANDARD_LIBRARIES = YES;
				CODE_SIGN_STYLE = Automatic;
				CURRENT_PROJECT_VERSION = 1;
				DEVELOPMENT_TEAM = 4JDZ4BJ4PW;
				GENERATE_INFOPLIST_FILE = YES;
				MACOSX_DEPLOYMENT_TARGET = 13.2;
				MARKETING_VERSION = 1.0;
				PRODUCT_BUNDLE_IDENTIFIER = com.zvonimirpavlovic.EssentialFeediOSTests;
				PRODUCT_NAME = "$(TARGET_NAME)";
				SUPPORTED_PLATFORMS = "iphoneos iphonesimulator";
				SUPPORTS_MACCATALYST = NO;
				SUPPORTS_MAC_DESIGNED_FOR_IPHONE_IPAD = NO;
				SWIFT_EMIT_LOC_STRINGS = NO;
				SWIFT_VERSION = 5.0;
				TARGETED_DEVICE_FAMILY = 1;
			};
			name = Release;
		};
		115AFB2129F56F4C00259647 /* Debug */ = {
			isa = XCBuildConfiguration;
			buildSettings = {
				CODE_SIGN_STYLE = Automatic;
				CURRENT_PROJECT_VERSION = 1;
				DEVELOPMENT_TEAM = 4JDZ4BJ4PW;
				GENERATE_INFOPLIST_FILE = YES;
				MACOSX_DEPLOYMENT_TARGET = 13.1;
				MARKETING_VERSION = 1.0;
				PRODUCT_BUNDLE_IDENTIFIER = com.zvonimirpavlovic.EssentialFeedCacheIntegrationTests.EssentialFeedCacheIntegrationTests;
				PRODUCT_NAME = "$(TARGET_NAME)";
				SUPPORTED_PLATFORMS = "macosx iphonesimulator iphoneos";
				SWIFT_EMIT_LOC_STRINGS = NO;
				SWIFT_VERSION = 5.0;
			};
			name = Debug;
		};
		115AFB2229F56F4C00259647 /* Release */ = {
			isa = XCBuildConfiguration;
			buildSettings = {
				CODE_SIGN_STYLE = Automatic;
				CURRENT_PROJECT_VERSION = 1;
				DEVELOPMENT_TEAM = 4JDZ4BJ4PW;
				GENERATE_INFOPLIST_FILE = YES;
				MACOSX_DEPLOYMENT_TARGET = 13.1;
				MARKETING_VERSION = 1.0;
				PRODUCT_BUNDLE_IDENTIFIER = com.zvonimirpavlovic.EssentialFeedCacheIntegrationTests.EssentialFeedCacheIntegrationTests;
				PRODUCT_NAME = "$(TARGET_NAME)";
				SUPPORTED_PLATFORMS = "macosx iphonesimulator iphoneos";
				SWIFT_EMIT_LOC_STRINGS = NO;
				SWIFT_VERSION = 5.0;
			};
			name = Release;
		};
		11B9F80329AD31C200292F65 /* Debug */ = {
			isa = XCBuildConfiguration;
			buildSettings = {
				CODE_SIGN_STYLE = Automatic;
				CURRENT_PROJECT_VERSION = 1;
				DEVELOPMENT_TEAM = 4JDZ4BJ4PW;
				GENERATE_INFOPLIST_FILE = YES;
				MACOSX_DEPLOYMENT_TARGET = 13.0;
				MARKETING_VERSION = 1.0;
				PRODUCT_BUNDLE_IDENTIFIER = com.zvonimirpavlovic.EssentialFeedAPIEndToEndTests;
				PRODUCT_NAME = "$(TARGET_NAME)";
				SUPPORTED_PLATFORMS = "macosx iphonesimulator iphoneos";
				SWIFT_EMIT_LOC_STRINGS = NO;
				SWIFT_VERSION = 5.0;
			};
			name = Debug;
		};
		11B9F80429AD31C200292F65 /* Release */ = {
			isa = XCBuildConfiguration;
			buildSettings = {
				CODE_SIGN_STYLE = Automatic;
				CURRENT_PROJECT_VERSION = 1;
				DEVELOPMENT_TEAM = 4JDZ4BJ4PW;
				GENERATE_INFOPLIST_FILE = YES;
				MACOSX_DEPLOYMENT_TARGET = 13.0;
				MARKETING_VERSION = 1.0;
				PRODUCT_BUNDLE_IDENTIFIER = com.zvonimirpavlovic.EssentialFeedAPIEndToEndTests;
				PRODUCT_NAME = "$(TARGET_NAME)";
				SUPPORTED_PLATFORMS = "macosx iphonesimulator iphoneos";
				SWIFT_EMIT_LOC_STRINGS = NO;
				SWIFT_VERSION = 5.0;
			};
			name = Release;
		};
/* End XCBuildConfiguration section */

/* Begin XCConfigurationList section */
		110A0AE62937807600F98F62 /* Build configuration list for PBXProject "EssentialFeed" */ = {
			isa = XCConfigurationList;
			buildConfigurations = (
				110A0AFC2937807600F98F62 /* Debug */,
				110A0AFD2937807600F98F62 /* Release */,
			);
			defaultConfigurationIsVisible = 0;
			defaultConfigurationName = Release;
		};
		110A0AFE2937807600F98F62 /* Build configuration list for PBXNativeTarget "EssentialFeed" */ = {
			isa = XCConfigurationList;
			buildConfigurations = (
				110A0AFF2937807600F98F62 /* Debug */,
				110A0B002937807600F98F62 /* Release */,
			);
			defaultConfigurationIsVisible = 0;
			defaultConfigurationName = Release;
		};
		110A0B012937807600F98F62 /* Build configuration list for PBXNativeTarget "EssentialFeedTests" */ = {
			isa = XCConfigurationList;
			buildConfigurations = (
				110A0B022937807600F98F62 /* Debug */,
				110A0B032937807600F98F62 /* Release */,
			);
			defaultConfigurationIsVisible = 0;
			defaultConfigurationName = Release;
		};
		1122E01A2A2364990024705C /* Build configuration list for PBXNativeTarget "EssentialFeediOS" */ = {
			isa = XCConfigurationList;
			buildConfigurations = (
				1122E01B2A2364990024705C /* Debug */,
				1122E01C2A2364990024705C /* Release */,
			);
			defaultConfigurationIsVisible = 0;
			defaultConfigurationName = Release;
		};
		1122E01D2A2364990024705C /* Build configuration list for PBXNativeTarget "EssentialFeediOSTests" */ = {
			isa = XCConfigurationList;
			buildConfigurations = (
				1122E01E2A2364990024705C /* Debug */,
				1122E01F2A2364990024705C /* Release */,
			);
			defaultConfigurationIsVisible = 0;
			defaultConfigurationName = Release;
		};
		115AFB2029F56F4C00259647 /* Build configuration list for PBXNativeTarget "EssentialFeedCacheIntegrationTests" */ = {
			isa = XCConfigurationList;
			buildConfigurations = (
				115AFB2129F56F4C00259647 /* Debug */,
				115AFB2229F56F4C00259647 /* Release */,
			);
			defaultConfigurationIsVisible = 0;
			defaultConfigurationName = Release;
		};
		11B9F80229AD31C200292F65 /* Build configuration list for PBXNativeTarget "EssentialFeedAPIEndToEndTests" */ = {
			isa = XCConfigurationList;
			buildConfigurations = (
				11B9F80329AD31C200292F65 /* Debug */,
				11B9F80429AD31C200292F65 /* Release */,
			);
			defaultConfigurationIsVisible = 0;
			defaultConfigurationName = Release;
		};
/* End XCConfigurationList section */

/* Begin XCVersionGroup section */
		115AFB0A29F55E4800259647 /* FeedStore.xcdatamodeld */ = {
			isa = XCVersionGroup;
			children = (
				115AFB0B29F55E4800259647 /* FeedStore.xcdatamodel */,
			);
			currentVersion = 115AFB0B29F55E4800259647 /* FeedStore.xcdatamodel */;
			path = FeedStore.xcdatamodeld;
			sourceTree = "<group>";
			versionGroupType = wrapper.xcdatamodel;
		};
/* End XCVersionGroup section */
	};
	rootObject = 110A0AE32937807600F98F62 /* Project object */;
}
