// !$*UTF8*$!
{
	archiveVersion = 1;
	classes = {
	};
	objectVersion = 56;
	objects = {

/* Begin PBXBuildFile section */
		110A0AF52937807600F98F62 /* EssentialFeed.framework in Frameworks */ = {isa = PBXBuildFile; fileRef = 110A0AEC2937807600F98F62 /* EssentialFeed.framework */; };
		110A0AFB2937807600F98F62 /* EssentialFeed.h in Headers */ = {isa = PBXBuildFile; fileRef = 110A0AEF2937807600F98F62 /* EssentialFeed.h */; settings = {ATTRIBUTES = (Public, ); }; };
		110A0B052937826200F98F62 /* FeedImage.swift in Sources */ = {isa = PBXBuildFile; fileRef = 110A0B042937826200F98F62 /* FeedImage.swift */; };
		110A0B07293782CF00F98F62 /* FeedLoader.swift in Sources */ = {isa = PBXBuildFile; fileRef = 110A0B06293782CF00F98F62 /* FeedLoader.swift */; };
		110A0B0B293785B500F98F62 /* LoadFeedFromRemoteUseCaseTests.swift in Sources */ = {isa = PBXBuildFile; fileRef = 110A0B0A293785B500F98F62 /* LoadFeedFromRemoteUseCaseTests.swift */; };
		110A0B0E29378F3D00F98F62 /* RemoteFeedLoader.swift in Sources */ = {isa = PBXBuildFile; fileRef = 110A0B0D29378F3D00F98F62 /* RemoteFeedLoader.swift */; };
		110A0B102938CB8500F98F62 /* HTTPClient.swift in Sources */ = {isa = PBXBuildFile; fileRef = 110A0B0F2938CB8500F98F62 /* HTTPClient.swift */; };
		110A0B122938CBEC00F98F62 /* FeedItemMapper.swift in Sources */ = {isa = PBXBuildFile; fileRef = 110A0B112938CBEC00F98F62 /* FeedItemMapper.swift */; };
		110A0B15293934F700F98F62 /* URLSessionHTTPClientTests.swift in Sources */ = {isa = PBXBuildFile; fileRef = 110A0B14293934F700F98F62 /* URLSessionHTTPClientTests.swift */; };
		11109CBA29B6526E009DB40F /* LoadFeedFromCacheUseCaseTests.swift in Sources */ = {isa = PBXBuildFile; fileRef = 11109CB929B6526E009DB40F /* LoadFeedFromCacheUseCaseTests.swift */; };
		11109CBD29B65493009DB40F /* FeedStoreSpy.swift in Sources */ = {isa = PBXBuildFile; fileRef = 11109CBC29B65493009DB40F /* FeedStoreSpy.swift */; };
		1121659429D4CCFC00973E67 /* ValidateFeedCacheUseCaseTests.swift in Sources */ = {isa = PBXBuildFile; fileRef = 1121659329D4CCFC00973E67 /* ValidateFeedCacheUseCaseTests.swift */; };
		1121659629D4CF0000973E67 /* FeedCacheTestHelpers.swift in Sources */ = {isa = PBXBuildFile; fileRef = 1121659529D4CF0000973E67 /* FeedCacheTestHelpers.swift */; };
		1121659829D4CF1E00973E67 /* SharedTestHelpers.swift in Sources */ = {isa = PBXBuildFile; fileRef = 1121659729D4CF1E00973E67 /* SharedTestHelpers.swift */; };
		1121659B29D4D66E00973E67 /* FeedCachePolicy.swift in Sources */ = {isa = PBXBuildFile; fileRef = 1121659929D4D65900973E67 /* FeedCachePolicy.swift */; };
		1157455329D8219600A7C59D /* CodableFeedStoreTests.swift in Sources */ = {isa = PBXBuildFile; fileRef = 1157455229D8219600A7C59D /* CodableFeedStoreTests.swift */; };
		1157455529D9E6D300A7C59D /* CodableFeedStore.swift in Sources */ = {isa = PBXBuildFile; fileRef = 1157455429D9E6D300A7C59D /* CodableFeedStore.swift */; };
		1196C30729AE6B43008E4A7B /* CacheFeedUseCaseTests.swift in Sources */ = {isa = PBXBuildFile; fileRef = 1196C30629AE6B43008E4A7B /* CacheFeedUseCaseTests.swift */; };
		1196C30A29AE86F2008E4A7B /* LocalFeedLoader.swift in Sources */ = {isa = PBXBuildFile; fileRef = 1196C30929AE86F2008E4A7B /* LocalFeedLoader.swift */; };
		1196C30C29AE878F008E4A7B /* FeedStore.swift in Sources */ = {isa = PBXBuildFile; fileRef = 1196C30B29AE878F008E4A7B /* FeedStore.swift */; };
		1196C30E29AE90F9008E4A7B /* RemoteFeedItem.swift in Sources */ = {isa = PBXBuildFile; fileRef = 1196C30D29AE90F9008E4A7B /* RemoteFeedItem.swift */; };
		1196C31029AE9132008E4A7B /* LocalFeedImage.swift in Sources */ = {isa = PBXBuildFile; fileRef = 1196C30F29AE9132008E4A7B /* LocalFeedImage.swift */; };
		11B9F7F629AD2E5200292F65 /* URLSessionHTTPClient.swift in Sources */ = {isa = PBXBuildFile; fileRef = 11B9F7F529AD2E5200292F65 /* URLSessionHTTPClient.swift */; };
		11B9F7FE29AD31C200292F65 /* EssentialFeedAPIEndToEndTests.swift in Sources */ = {isa = PBXBuildFile; fileRef = 11B9F7FD29AD31C200292F65 /* EssentialFeedAPIEndToEndTests.swift */; };
		11B9F7FF29AD31C200292F65 /* EssentialFeed.framework in Frameworks */ = {isa = PBXBuildFile; fileRef = 110A0AEC2937807600F98F62 /* EssentialFeed.framework */; };
		11B9F80529AD31FE00292F65 /* XCTTestCase+MemoryLeakTracking.swift in Sources */ = {isa = PBXBuildFile; fileRef = 11C6F1D82941E8B10014966C /* XCTTestCase+MemoryLeakTracking.swift */; };
		11C6F1D92941E8B10014966C /* XCTTestCase+MemoryLeakTracking.swift in Sources */ = {isa = PBXBuildFile; fileRef = 11C6F1D82941E8B10014966C /* XCTTestCase+MemoryLeakTracking.swift */; };
/* End PBXBuildFile section */

/* Begin PBXContainerItemProxy section */
		110A0AF62937807600F98F62 /* PBXContainerItemProxy */ = {
			isa = PBXContainerItemProxy;
			containerPortal = 110A0AE32937807600F98F62 /* Project object */;
			proxyType = 1;
			remoteGlobalIDString = 110A0AEB2937807600F98F62;
			remoteInfo = EssentialFeed;
		};
		11B9F80029AD31C200292F65 /* PBXContainerItemProxy */ = {
			isa = PBXContainerItemProxy;
			containerPortal = 110A0AE32937807600F98F62 /* Project object */;
			proxyType = 1;
			remoteGlobalIDString = 110A0AEB2937807600F98F62;
			remoteInfo = EssentialFeed;
		};
/* End PBXContainerItemProxy section */

/* Begin PBXFileReference section */
		110A0AEC2937807600F98F62 /* EssentialFeed.framework */ = {isa = PBXFileReference; explicitFileType = wrapper.framework; includeInIndex = 0; path = EssentialFeed.framework; sourceTree = BUILT_PRODUCTS_DIR; };
		110A0AEF2937807600F98F62 /* EssentialFeed.h */ = {isa = PBXFileReference; lastKnownFileType = sourcecode.c.h; path = EssentialFeed.h; sourceTree = "<group>"; };
		110A0AF42937807600F98F62 /* EssentialFeedTests.xctest */ = {isa = PBXFileReference; explicitFileType = wrapper.cfbundle; includeInIndex = 0; path = EssentialFeedTests.xctest; sourceTree = BUILT_PRODUCTS_DIR; };
		110A0B042937826200F98F62 /* FeedImage.swift */ = {isa = PBXFileReference; lastKnownFileType = sourcecode.swift; path = FeedImage.swift; sourceTree = "<group>"; };
		110A0B06293782CF00F98F62 /* FeedLoader.swift */ = {isa = PBXFileReference; lastKnownFileType = sourcecode.swift; path = FeedLoader.swift; sourceTree = "<group>"; };
		110A0B0A293785B500F98F62 /* LoadFeedFromRemoteUseCaseTests.swift */ = {isa = PBXFileReference; lastKnownFileType = sourcecode.swift; path = LoadFeedFromRemoteUseCaseTests.swift; sourceTree = "<group>"; };
		110A0B0D29378F3D00F98F62 /* RemoteFeedLoader.swift */ = {isa = PBXFileReference; lastKnownFileType = sourcecode.swift; path = RemoteFeedLoader.swift; sourceTree = "<group>"; };
		110A0B0F2938CB8500F98F62 /* HTTPClient.swift */ = {isa = PBXFileReference; lastKnownFileType = sourcecode.swift; path = HTTPClient.swift; sourceTree = "<group>"; };
		110A0B112938CBEC00F98F62 /* FeedItemMapper.swift */ = {isa = PBXFileReference; lastKnownFileType = sourcecode.swift; path = FeedItemMapper.swift; sourceTree = "<group>"; };
		110A0B14293934F700F98F62 /* URLSessionHTTPClientTests.swift */ = {isa = PBXFileReference; lastKnownFileType = sourcecode.swift; path = URLSessionHTTPClientTests.swift; sourceTree = "<group>"; };
		11109CB929B6526E009DB40F /* LoadFeedFromCacheUseCaseTests.swift */ = {isa = PBXFileReference; lastKnownFileType = sourcecode.swift; path = LoadFeedFromCacheUseCaseTests.swift; sourceTree = "<group>"; };
		11109CBC29B65493009DB40F /* FeedStoreSpy.swift */ = {isa = PBXFileReference; lastKnownFileType = sourcecode.swift; path = FeedStoreSpy.swift; sourceTree = "<group>"; };
		1121659329D4CCFC00973E67 /* ValidateFeedCacheUseCaseTests.swift */ = {isa = PBXFileReference; lastKnownFileType = sourcecode.swift; path = ValidateFeedCacheUseCaseTests.swift; sourceTree = "<group>"; };
		1121659529D4CF0000973E67 /* FeedCacheTestHelpers.swift */ = {isa = PBXFileReference; lastKnownFileType = sourcecode.swift; path = FeedCacheTestHelpers.swift; sourceTree = "<group>"; };
		1121659729D4CF1E00973E67 /* SharedTestHelpers.swift */ = {isa = PBXFileReference; lastKnownFileType = sourcecode.swift; path = SharedTestHelpers.swift; sourceTree = "<group>"; };
		1121659929D4D65900973E67 /* FeedCachePolicy.swift */ = {isa = PBXFileReference; lastKnownFileType = sourcecode.swift; path = FeedCachePolicy.swift; sourceTree = "<group>"; };
		1157455229D8219600A7C59D /* CodableFeedStoreTests.swift */ = {isa = PBXFileReference; lastKnownFileType = sourcecode.swift; path = CodableFeedStoreTests.swift; sourceTree = "<group>"; };
		1157455429D9E6D300A7C59D /* CodableFeedStore.swift */ = {isa = PBXFileReference; lastKnownFileType = sourcecode.swift; path = CodableFeedStore.swift; sourceTree = "<group>"; };
		1196C30629AE6B43008E4A7B /* CacheFeedUseCaseTests.swift */ = {isa = PBXFileReference; lastKnownFileType = sourcecode.swift; path = CacheFeedUseCaseTests.swift; sourceTree = "<group>"; };
		1196C30929AE86F2008E4A7B /* LocalFeedLoader.swift */ = {isa = PBXFileReference; lastKnownFileType = sourcecode.swift; path = LocalFeedLoader.swift; sourceTree = "<group>"; };
		1196C30B29AE878F008E4A7B /* FeedStore.swift */ = {isa = PBXFileReference; lastKnownFileType = sourcecode.swift; path = FeedStore.swift; sourceTree = "<group>"; };
		1196C30D29AE90F9008E4A7B /* RemoteFeedItem.swift */ = {isa = PBXFileReference; lastKnownFileType = sourcecode.swift; path = RemoteFeedItem.swift; sourceTree = "<group>"; };
		1196C30F29AE9132008E4A7B /* LocalFeedImage.swift */ = {isa = PBXFileReference; lastKnownFileType = sourcecode.swift; path = LocalFeedImage.swift; sourceTree = "<group>"; };
		11B9F7F529AD2E5200292F65 /* URLSessionHTTPClient.swift */ = {isa = PBXFileReference; lastKnownFileType = sourcecode.swift; path = URLSessionHTTPClient.swift; sourceTree = "<group>"; };
		11B9F7FB29AD31C200292F65 /* EssentialFeedAPIEndToEndTests.xctest */ = {isa = PBXFileReference; explicitFileType = wrapper.cfbundle; includeInIndex = 0; path = EssentialFeedAPIEndToEndTests.xctest; sourceTree = BUILT_PRODUCTS_DIR; };
		11B9F7FD29AD31C200292F65 /* EssentialFeedAPIEndToEndTests.swift */ = {isa = PBXFileReference; lastKnownFileType = sourcecode.swift; path = EssentialFeedAPIEndToEndTests.swift; sourceTree = "<group>"; };
		11C6F1D82941E8B10014966C /* XCTTestCase+MemoryLeakTracking.swift */ = {isa = PBXFileReference; lastKnownFileType = sourcecode.swift; path = "XCTTestCase+MemoryLeakTracking.swift"; sourceTree = "<group>"; };
/* End PBXFileReference section */

/* Begin PBXFrameworksBuildPhase section */
		110A0AE92937807600F98F62 /* Frameworks */ = {
			isa = PBXFrameworksBuildPhase;
			buildActionMask = 2147483647;
			files = (
			);
			runOnlyForDeploymentPostprocessing = 0;
		};
		110A0AF12937807600F98F62 /* Frameworks */ = {
			isa = PBXFrameworksBuildPhase;
			buildActionMask = 2147483647;
			files = (
				110A0AF52937807600F98F62 /* EssentialFeed.framework in Frameworks */,
			);
			runOnlyForDeploymentPostprocessing = 0;
		};
		11B9F7F829AD31C200292F65 /* Frameworks */ = {
			isa = PBXFrameworksBuildPhase;
			buildActionMask = 2147483647;
			files = (
				11B9F7FF29AD31C200292F65 /* EssentialFeed.framework in Frameworks */,
			);
			runOnlyForDeploymentPostprocessing = 0;
		};
/* End PBXFrameworksBuildPhase section */

/* Begin PBXGroup section */
		110A0AE22937807600F98F62 = {
			isa = PBXGroup;
			children = (
				110A0AEE2937807600F98F62 /* EssentialFeed */,
				110A0AF82937807600F98F62 /* EssentialFeedTests */,
				11B9F7FC29AD31C200292F65 /* EssentialFeedAPIEndToEndTests */,
				110A0AED2937807600F98F62 /* Products */,
			);
			sourceTree = "<group>";
		};
		110A0AED2937807600F98F62 /* Products */ = {
			isa = PBXGroup;
			children = (
				110A0AEC2937807600F98F62 /* EssentialFeed.framework */,
				110A0AF42937807600F98F62 /* EssentialFeedTests.xctest */,
				11B9F7FB29AD31C200292F65 /* EssentialFeedAPIEndToEndTests.xctest */,
			);
			name = Products;
			sourceTree = "<group>";
		};
		110A0AEE2937807600F98F62 /* EssentialFeed */ = {
			isa = PBXGroup;
			children = (
				1196C30829AE86E5008E4A7B /* FeedCache */,
				110A0B0C29378F1900F98F62 /* FeedApi */,
				110A0AEF2937807600F98F62 /* EssentialFeed.h */,
				110A0B092937836100F98F62 /* FeedFeature */,
			);
			path = EssentialFeed;
			sourceTree = "<group>";
		};
		110A0AF82937807600F98F62 /* EssentialFeedTests */ = {
			isa = PBXGroup;
			children = (
				11C6F1D72941E88B0014966C /* Helpers */,
				1196C30529AE6B28008E4A7B /* FeedCache */,
				110A0B132938E21200F98F62 /* FeedApi */,
			);
			path = EssentialFeedTests;
			sourceTree = "<group>";
		};
		110A0B092937836100F98F62 /* FeedFeature */ = {
			isa = PBXGroup;
			children = (
				110A0B042937826200F98F62 /* FeedImage.swift */,
				110A0B06293782CF00F98F62 /* FeedLoader.swift */,
			);
			path = FeedFeature;
			sourceTree = "<group>";
		};
		110A0B0C29378F1900F98F62 /* FeedApi */ = {
			isa = PBXGroup;
			children = (
				110A0B0D29378F3D00F98F62 /* RemoteFeedLoader.swift */,
				110A0B0F2938CB8500F98F62 /* HTTPClient.swift */,
				110A0B112938CBEC00F98F62 /* FeedItemMapper.swift */,
				11B9F7F529AD2E5200292F65 /* URLSessionHTTPClient.swift */,
				1196C30D29AE90F9008E4A7B /* RemoteFeedItem.swift */,
			);
			path = FeedApi;
			sourceTree = "<group>";
		};
		110A0B132938E21200F98F62 /* FeedApi */ = {
			isa = PBXGroup;
			children = (
				110A0B0A293785B500F98F62 /* LoadFeedFromRemoteUseCaseTests.swift */,
				110A0B14293934F700F98F62 /* URLSessionHTTPClientTests.swift */,
			);
			path = FeedApi;
			sourceTree = "<group>";
		};
		11109CBB29B65481009DB40F /* Helpers */ = {
			isa = PBXGroup;
			children = (
				11109CBC29B65493009DB40F /* FeedStoreSpy.swift */,
				1121659529D4CF0000973E67 /* FeedCacheTestHelpers.swift */,
				1121659729D4CF1E00973E67 /* SharedTestHelpers.swift */,
			);
			path = Helpers;
			sourceTree = "<group>";
		};
		1196C30529AE6B28008E4A7B /* FeedCache */ = {
			isa = PBXGroup;
			children = (
				11109CBB29B65481009DB40F /* Helpers */,
				1196C30629AE6B43008E4A7B /* CacheFeedUseCaseTests.swift */,
				11109CB929B6526E009DB40F /* LoadFeedFromCacheUseCaseTests.swift */,
				1121659329D4CCFC00973E67 /* ValidateFeedCacheUseCaseTests.swift */,
				1157455229D8219600A7C59D /* CodableFeedStoreTests.swift */,
			);
			path = FeedCache;
			sourceTree = "<group>";
		};
		1196C30829AE86E5008E4A7B /* FeedCache */ = {
			isa = PBXGroup;
			children = (
				1121659929D4D65900973E67 /* FeedCachePolicy.swift */,
				1196C30929AE86F2008E4A7B /* LocalFeedLoader.swift */,
				1196C30B29AE878F008E4A7B /* FeedStore.swift */,
				1196C30F29AE9132008E4A7B /* LocalFeedImage.swift */,
				1157455429D9E6D300A7C59D /* CodableFeedStore.swift */,
			);
			path = FeedCache;
			sourceTree = "<group>";
		};
		11B9F7FC29AD31C200292F65 /* EssentialFeedAPIEndToEndTests */ = {
			isa = PBXGroup;
			children = (
				11B9F7FD29AD31C200292F65 /* EssentialFeedAPIEndToEndTests.swift */,
			);
			path = EssentialFeedAPIEndToEndTests;
			sourceTree = "<group>";
		};
		11C6F1D72941E88B0014966C /* Helpers */ = {
			isa = PBXGroup;
			children = (
				11C6F1D82941E8B10014966C /* XCTTestCase+MemoryLeakTracking.swift */,
			);
			path = Helpers;
			sourceTree = "<group>";
		};
/* End PBXGroup section */

/* Begin PBXHeadersBuildPhase section */
		110A0AE72937807600F98F62 /* Headers */ = {
			isa = PBXHeadersBuildPhase;
			buildActionMask = 2147483647;
			files = (
				110A0AFB2937807600F98F62 /* EssentialFeed.h in Headers */,
			);
			runOnlyForDeploymentPostprocessing = 0;
		};
/* End PBXHeadersBuildPhase section */

/* Begin PBXNativeTarget section */
		110A0AEB2937807600F98F62 /* EssentialFeed */ = {
			isa = PBXNativeTarget;
			buildConfigurationList = 110A0AFE2937807600F98F62 /* Build configuration list for PBXNativeTarget "EssentialFeed" */;
			buildPhases = (
				110A0AE72937807600F98F62 /* Headers */,
				110A0AE82937807600F98F62 /* Sources */,
				110A0AE92937807600F98F62 /* Frameworks */,
				110A0AEA2937807600F98F62 /* Resources */,
			);
			buildRules = (
			);
			dependencies = (
			);
			name = EssentialFeed;
			productName = EssentialFeed;
			productReference = 110A0AEC2937807600F98F62 /* EssentialFeed.framework */;
			productType = "com.apple.product-type.framework";
		};
		110A0AF32937807600F98F62 /* EssentialFeedTests */ = {
			isa = PBXNativeTarget;
			buildConfigurationList = 110A0B012937807600F98F62 /* Build configuration list for PBXNativeTarget "EssentialFeedTests" */;
			buildPhases = (
				110A0AF02937807600F98F62 /* Sources */,
				110A0AF12937807600F98F62 /* Frameworks */,
				110A0AF22937807600F98F62 /* Resources */,
			);
			buildRules = (
			);
			dependencies = (
				110A0AF72937807600F98F62 /* PBXTargetDependency */,
			);
			name = EssentialFeedTests;
			productName = EssentialFeedTests;
			productReference = 110A0AF42937807600F98F62 /* EssentialFeedTests.xctest */;
			productType = "com.apple.product-type.bundle.unit-test";
		};
		11B9F7FA29AD31C200292F65 /* EssentialFeedAPIEndToEndTests */ = {
			isa = PBXNativeTarget;
			buildConfigurationList = 11B9F80229AD31C200292F65 /* Build configuration list for PBXNativeTarget "EssentialFeedAPIEndToEndTests" */;
			buildPhases = (
				11B9F7F729AD31C200292F65 /* Sources */,
				11B9F7F829AD31C200292F65 /* Frameworks */,
				11B9F7F929AD31C200292F65 /* Resources */,
			);
			buildRules = (
			);
			dependencies = (
				11B9F80129AD31C200292F65 /* PBXTargetDependency */,
			);
			name = EssentialFeedAPIEndToEndTests;
			productName = EssentialFeedAPIEndToEndTests;
			productReference = 11B9F7FB29AD31C200292F65 /* EssentialFeedAPIEndToEndTests.xctest */;
			productType = "com.apple.product-type.bundle.unit-test";
		};
/* End PBXNativeTarget section */

/* Begin PBXProject section */
		110A0AE32937807600F98F62 /* Project object */ = {
			isa = PBXProject;
			attributes = {
				BuildIndependentTargetsInParallel = 1;
				LastSwiftUpdateCheck = 1410;
				LastUpgradeCheck = 1410;
				TargetAttributes = {
					110A0AEB2937807600F98F62 = {
						CreatedOnToolsVersion = 14.1;
						LastSwiftMigration = 1410;
					};
					110A0AF32937807600F98F62 = {
						CreatedOnToolsVersion = 14.1;
					};
					11B9F7FA29AD31C200292F65 = {
						CreatedOnToolsVersion = 14.1;
					};
				};
			};
			buildConfigurationList = 110A0AE62937807600F98F62 /* Build configuration list for PBXProject "EssentialFeed" */;
			compatibilityVersion = "Xcode 14.0";
			developmentRegion = en;
			hasScannedForEncodings = 0;
			knownRegions = (
				en,
				Base,
			);
			mainGroup = 110A0AE22937807600F98F62;
			productRefGroup = 110A0AED2937807600F98F62 /* Products */;
			projectDirPath = "";
			projectRoot = "";
			targets = (
				110A0AEB2937807600F98F62 /* EssentialFeed */,
				110A0AF32937807600F98F62 /* EssentialFeedTests */,
				11B9F7FA29AD31C200292F65 /* EssentialFeedAPIEndToEndTests */,
			);
		};
/* End PBXProject section */

/* Begin PBXResourcesBuildPhase section */
		110A0AEA2937807600F98F62 /* Resources */ = {
			isa = PBXResourcesBuildPhase;
			buildActionMask = 2147483647;
			files = (
			);
			runOnlyForDeploymentPostprocessing = 0;
		};
		110A0AF22937807600F98F62 /* Resources */ = {
			isa = PBXResourcesBuildPhase;
			buildActionMask = 2147483647;
			files = (
			);
			runOnlyForDeploymentPostprocessing = 0;
		};
		11B9F7F929AD31C200292F65 /* Resources */ = {
			isa = PBXResourcesBuildPhase;
			buildActionMask = 2147483647;
			files = (
			);
			runOnlyForDeploymentPostprocessing = 0;
		};
/* End PBXResourcesBuildPhase section */

/* Begin PBXSourcesBuildPhase section */
		110A0AE82937807600F98F62 /* Sources */ = {
			isa = PBXSourcesBuildPhase;
			buildActionMask = 2147483647;
			files = (
				110A0B07293782CF00F98F62 /* FeedLoader.swift in Sources */,
				110A0B122938CBEC00F98F62 /* FeedItemMapper.swift in Sources */,
				1196C30E29AE90F9008E4A7B /* RemoteFeedItem.swift in Sources */,
				1121659B29D4D66E00973E67 /* FeedCachePolicy.swift in Sources */,
				110A0B0E29378F3D00F98F62 /* RemoteFeedLoader.swift in Sources */,
				1196C31029AE9132008E4A7B /* LocalFeedImage.swift in Sources */,
				1196C30C29AE878F008E4A7B /* FeedStore.swift in Sources */,
				1196C30A29AE86F2008E4A7B /* LocalFeedLoader.swift in Sources */,
				1157455529D9E6D300A7C59D /* CodableFeedStore.swift in Sources */,
				110A0B102938CB8500F98F62 /* HTTPClient.swift in Sources */,
				110A0B052937826200F98F62 /* FeedImage.swift in Sources */,
				11B9F7F629AD2E5200292F65 /* URLSessionHTTPClient.swift in Sources */,
			);
			runOnlyForDeploymentPostprocessing = 0;
		};
		110A0AF02937807600F98F62 /* Sources */ = {
			isa = PBXSourcesBuildPhase;
			buildActionMask = 2147483647;
			files = (
				1157455329D8219600A7C59D /* CodableFeedStoreTests.swift in Sources */,
				1121659629D4CF0000973E67 /* FeedCacheTestHelpers.swift in Sources */,
				1121659429D4CCFC00973E67 /* ValidateFeedCacheUseCaseTests.swift in Sources */,
				110A0B0B293785B500F98F62 /* LoadFeedFromRemoteUseCaseTests.swift in Sources */,
				110A0B15293934F700F98F62 /* URLSessionHTTPClientTests.swift in Sources */,
				11109CBD29B65493009DB40F /* FeedStoreSpy.swift in Sources */,
				1121659829D4CF1E00973E67 /* SharedTestHelpers.swift in Sources */,
				1196C30729AE6B43008E4A7B /* CacheFeedUseCaseTests.swift in Sources */,
				11109CBA29B6526E009DB40F /* LoadFeedFromCacheUseCaseTests.swift in Sources */,
				11C6F1D92941E8B10014966C /* XCTTestCase+MemoryLeakTracking.swift in Sources */,
			);
			runOnlyForDeploymentPostprocessing = 0;
		};
		11B9F7F729AD31C200292F65 /* Sources */ = {
			isa = PBXSourcesBuildPhase;
			buildActionMask = 2147483647;
			files = (
				11B9F80529AD31FE00292F65 /* XCTTestCase+MemoryLeakTracking.swift in Sources */,
				11B9F7FE29AD31C200292F65 /* EssentialFeedAPIEndToEndTests.swift in Sources */,
			);
			runOnlyForDeploymentPostprocessing = 0;
		};
/* End PBXSourcesBuildPhase section */

/* Begin PBXTargetDependency section */
		110A0AF72937807600F98F62 /* PBXTargetDependency */ = {
			isa = PBXTargetDependency;
			target = 110A0AEB2937807600F98F62 /* EssentialFeed */;
			targetProxy = 110A0AF62937807600F98F62 /* PBXContainerItemProxy */;
		};
		11B9F80129AD31C200292F65 /* PBXTargetDependency */ = {
			isa = PBXTargetDependency;
			target = 110A0AEB2937807600F98F62 /* EssentialFeed */;
			targetProxy = 11B9F80029AD31C200292F65 /* PBXContainerItemProxy */;
		};
/* End PBXTargetDependency section */

/* Begin XCBuildConfiguration section */
		110A0AFC2937807600F98F62 /* Debug */ = {
			isa = XCBuildConfiguration;
			buildSettings = {
				ALWAYS_SEARCH_USER_PATHS = NO;
				CLANG_ANALYZER_NONNULL = YES;
				CLANG_ANALYZER_NUMBER_OBJECT_CONVERSION = YES_AGGRESSIVE;
				CLANG_CXX_LANGUAGE_STANDARD = "gnu++20";
				CLANG_ENABLE_MODULES = YES;
				CLANG_ENABLE_OBJC_ARC = YES;
				CLANG_ENABLE_OBJC_WEAK = YES;
				CLANG_WARN_BLOCK_CAPTURE_AUTORELEASING = YES;
				CLANG_WARN_BOOL_CONVERSION = YES;
				CLANG_WARN_COMMA = YES;
				CLANG_WARN_CONSTANT_CONVERSION = YES;
				CLANG_WARN_DEPRECATED_OBJC_IMPLEMENTATIONS = YES;
				CLANG_WARN_DIRECT_OBJC_ISA_USAGE = YES_ERROR;
				CLANG_WARN_DOCUMENTATION_COMMENTS = YES;
				CLANG_WARN_EMPTY_BODY = YES;
				CLANG_WARN_ENUM_CONVERSION = YES;
				CLANG_WARN_INFINITE_RECURSION = YES;
				CLANG_WARN_INT_CONVERSION = YES;
				CLANG_WARN_NON_LITERAL_NULL_CONVERSION = YES;
				CLANG_WARN_OBJC_IMPLICIT_RETAIN_SELF = YES;
				CLANG_WARN_OBJC_LITERAL_CONVERSION = YES;
				CLANG_WARN_OBJC_ROOT_CLASS = YES_ERROR;
				CLANG_WARN_QUOTED_INCLUDE_IN_FRAMEWORK_HEADER = YES;
				CLANG_WARN_RANGE_LOOP_ANALYSIS = YES;
				CLANG_WARN_STRICT_PROTOTYPES = YES;
				CLANG_WARN_SUSPICIOUS_MOVE = YES;
				CLANG_WARN_UNGUARDED_AVAILABILITY = YES_AGGRESSIVE;
				CLANG_WARN_UNREACHABLE_CODE = YES;
				CLANG_WARN__DUPLICATE_METHOD_MATCH = YES;
				COPY_PHASE_STRIP = NO;
				CURRENT_PROJECT_VERSION = 1;
				DEBUG_INFORMATION_FORMAT = dwarf;
				ENABLE_STRICT_OBJC_MSGSEND = YES;
				ENABLE_TESTABILITY = YES;
				GCC_C_LANGUAGE_STANDARD = gnu11;
				GCC_DYNAMIC_NO_PIC = NO;
				GCC_NO_COMMON_BLOCKS = YES;
				GCC_OPTIMIZATION_LEVEL = 0;
				GCC_PREPROCESSOR_DEFINITIONS = (
					"DEBUG=1",
					"$(inherited)",
				);
				GCC_WARN_64_TO_32_BIT_CONVERSION = YES;
				GCC_WARN_ABOUT_RETURN_TYPE = YES_ERROR;
				GCC_WARN_UNDECLARED_SELECTOR = YES;
				GCC_WARN_UNINITIALIZED_AUTOS = YES_AGGRESSIVE;
				GCC_WARN_UNUSED_FUNCTION = YES;
				GCC_WARN_UNUSED_VARIABLE = YES;
				MACOSX_DEPLOYMENT_TARGET = 12.6;
				MTL_ENABLE_DEBUG_INFO = INCLUDE_SOURCE;
				MTL_FAST_MATH = YES;
				ONLY_ACTIVE_ARCH = YES;
				SDKROOT = macosx;
				SWIFT_ACTIVE_COMPILATION_CONDITIONS = DEBUG;
				SWIFT_OPTIMIZATION_LEVEL = "-Onone";
				VERSIONING_SYSTEM = "apple-generic";
				VERSION_INFO_PREFIX = "";
			};
			name = Debug;
		};
		110A0AFD2937807600F98F62 /* Release */ = {
			isa = XCBuildConfiguration;
			buildSettings = {
				ALWAYS_SEARCH_USER_PATHS = NO;
				CLANG_ANALYZER_NONNULL = YES;
				CLANG_ANALYZER_NUMBER_OBJECT_CONVERSION = YES_AGGRESSIVE;
				CLANG_CXX_LANGUAGE_STANDARD = "gnu++20";
				CLANG_ENABLE_MODULES = YES;
				CLANG_ENABLE_OBJC_ARC = YES;
				CLANG_ENABLE_OBJC_WEAK = YES;
				CLANG_WARN_BLOCK_CAPTURE_AUTORELEASING = YES;
				CLANG_WARN_BOOL_CONVERSION = YES;
				CLANG_WARN_COMMA = YES;
				CLANG_WARN_CONSTANT_CONVERSION = YES;
				CLANG_WARN_DEPRECATED_OBJC_IMPLEMENTATIONS = YES;
				CLANG_WARN_DIRECT_OBJC_ISA_USAGE = YES_ERROR;
				CLANG_WARN_DOCUMENTATION_COMMENTS = YES;
				CLANG_WARN_EMPTY_BODY = YES;
				CLANG_WARN_ENUM_CONVERSION = YES;
				CLANG_WARN_INFINITE_RECURSION = YES;
				CLANG_WARN_INT_CONVERSION = YES;
				CLANG_WARN_NON_LITERAL_NULL_CONVERSION = YES;
				CLANG_WARN_OBJC_IMPLICIT_RETAIN_SELF = YES;
				CLANG_WARN_OBJC_LITERAL_CONVERSION = YES;
				CLANG_WARN_OBJC_ROOT_CLASS = YES_ERROR;
				CLANG_WARN_QUOTED_INCLUDE_IN_FRAMEWORK_HEADER = YES;
				CLANG_WARN_RANGE_LOOP_ANALYSIS = YES;
				CLANG_WARN_STRICT_PROTOTYPES = YES;
				CLANG_WARN_SUSPICIOUS_MOVE = YES;
				CLANG_WARN_UNGUARDED_AVAILABILITY = YES_AGGRESSIVE;
				CLANG_WARN_UNREACHABLE_CODE = YES;
				CLANG_WARN__DUPLICATE_METHOD_MATCH = YES;
				COPY_PHASE_STRIP = NO;
				CURRENT_PROJECT_VERSION = 1;
				DEBUG_INFORMATION_FORMAT = "dwarf-with-dsym";
				ENABLE_NS_ASSERTIONS = NO;
				ENABLE_STRICT_OBJC_MSGSEND = YES;
				GCC_C_LANGUAGE_STANDARD = gnu11;
				GCC_NO_COMMON_BLOCKS = YES;
				GCC_WARN_64_TO_32_BIT_CONVERSION = YES;
				GCC_WARN_ABOUT_RETURN_TYPE = YES_ERROR;
				GCC_WARN_UNDECLARED_SELECTOR = YES;
				GCC_WARN_UNINITIALIZED_AUTOS = YES_AGGRESSIVE;
				GCC_WARN_UNUSED_FUNCTION = YES;
				GCC_WARN_UNUSED_VARIABLE = YES;
				MACOSX_DEPLOYMENT_TARGET = 12.6;
				MTL_ENABLE_DEBUG_INFO = NO;
				MTL_FAST_MATH = YES;
				SDKROOT = macosx;
				SWIFT_COMPILATION_MODE = wholemodule;
				SWIFT_OPTIMIZATION_LEVEL = "-O";
				VERSIONING_SYSTEM = "apple-generic";
				VERSION_INFO_PREFIX = "";
			};
			name = Release;
		};
		110A0AFF2937807600F98F62 /* Debug */ = {
			isa = XCBuildConfiguration;
			buildSettings = {
				CLANG_ENABLE_MODULES = YES;
				CODE_SIGN_STYLE = Automatic;
				COMBINE_HIDPI_IMAGES = YES;
				CURRENT_PROJECT_VERSION = 1;
				DEFINES_MODULE = YES;
				DEVELOPMENT_TEAM = 4JDZ4BJ4PW;
				DYLIB_COMPATIBILITY_VERSION = 1;
				DYLIB_CURRENT_VERSION = 1;
				DYLIB_INSTALL_NAME_BASE = "@rpath";
				GENERATE_INFOPLIST_FILE = YES;
				INFOPLIST_KEY_NSHumanReadableCopyright = "";
				INSTALL_PATH = "$(LOCAL_LIBRARY_DIR)/Frameworks";
				LD_RUNPATH_SEARCH_PATHS = (
					"$(inherited)",
					"@executable_path/../Frameworks",
					"@loader_path/Frameworks",
				);
				MARKETING_VERSION = 1.0;
				PRODUCT_BUNDLE_IDENTIFIER = com.zvonimirpavlovic.EssentialFeed;
				PRODUCT_NAME = "$(TARGET_NAME:c99extidentifier)";
				SKIP_INSTALL = YES;
				SWIFT_EMIT_LOC_STRINGS = YES;
				SWIFT_OPTIMIZATION_LEVEL = "-Onone";
				SWIFT_VERSION = 5.0;
			};
			name = Debug;
		};
		110A0B002937807600F98F62 /* Release */ = {
			isa = XCBuildConfiguration;
			buildSettings = {
				CLANG_ENABLE_MODULES = YES;
				CODE_SIGN_STYLE = Automatic;
				COMBINE_HIDPI_IMAGES = YES;
				CURRENT_PROJECT_VERSION = 1;
				DEFINES_MODULE = YES;
				DEVELOPMENT_TEAM = 4JDZ4BJ4PW;
				DYLIB_COMPATIBILITY_VERSION = 1;
				DYLIB_CURRENT_VERSION = 1;
				DYLIB_INSTALL_NAME_BASE = "@rpath";
				GENERATE_INFOPLIST_FILE = YES;
				INFOPLIST_KEY_NSHumanReadableCopyright = "";
				INSTALL_PATH = "$(LOCAL_LIBRARY_DIR)/Frameworks";
				LD_RUNPATH_SEARCH_PATHS = (
					"$(inherited)",
					"@executable_path/../Frameworks",
					"@loader_path/Frameworks",
				);
				MARKETING_VERSION = 1.0;
				PRODUCT_BUNDLE_IDENTIFIER = com.zvonimirpavlovic.EssentialFeed;
				PRODUCT_NAME = "$(TARGET_NAME:c99extidentifier)";
				SKIP_INSTALL = YES;
				SWIFT_EMIT_LOC_STRINGS = YES;
				SWIFT_VERSION = 5.0;
			};
			name = Release;
		};
		110A0B022937807600F98F62 /* Debug */ = {
			isa = XCBuildConfiguration;
			buildSettings = {
				ALWAYS_EMBED_SWIFT_STANDARD_LIBRARIES = YES;
				CODE_SIGN_STYLE = Automatic;
				CURRENT_PROJECT_VERSION = 1;
				DEVELOPMENT_TEAM = 4JDZ4BJ4PW;
				GENERATE_INFOPLIST_FILE = YES;
				MARKETING_VERSION = 1.0;
				PRODUCT_BUNDLE_IDENTIFIER = com.zvonimirpavlovic.EssentialFeedTests;
				PRODUCT_NAME = "$(TARGET_NAME)";
				SWIFT_EMIT_LOC_STRINGS = NO;
				SWIFT_VERSION = 5.0;
			};
			name = Debug;
		};
		110A0B032937807600F98F62 /* Release */ = {
			isa = XCBuildConfiguration;
			buildSettings = {
				ALWAYS_EMBED_SWIFT_STANDARD_LIBRARIES = YES;
				CODE_SIGN_STYLE = Automatic;
				CURRENT_PROJECT_VERSION = 1;
				DEVELOPMENT_TEAM = 4JDZ4BJ4PW;
				GENERATE_INFOPLIST_FILE = YES;
				MARKETING_VERSION = 1.0;
				PRODUCT_BUNDLE_IDENTIFIER = com.zvonimirpavlovic.EssentialFeedTests;
				PRODUCT_NAME = "$(TARGET_NAME)";
				SWIFT_EMIT_LOC_STRINGS = NO;
				SWIFT_VERSION = 5.0;
			};
			name = Release;
		};
		11B9F80329AD31C200292F65 /* Debug */ = {
			isa = XCBuildConfiguration;
			buildSettings = {
				CODE_SIGN_STYLE = Automatic;
				CURRENT_PROJECT_VERSION = 1;
				DEVELOPMENT_TEAM = 4JDZ4BJ4PW;
				GENERATE_INFOPLIST_FILE = YES;
				MACOSX_DEPLOYMENT_TARGET = 13.0;
				MARKETING_VERSION = 1.0;
				PRODUCT_BUNDLE_IDENTIFIER = com.zvonimirpavlovic.EssentialFeedAPIEndToEndTests;
				PRODUCT_NAME = "$(TARGET_NAME)";
				SWIFT_EMIT_LOC_STRINGS = NO;
				SWIFT_VERSION = 5.0;
			};
			name = Debug;
		};
		11B9F80429AD31C200292F65 /* Release */ = {
			isa = XCBuildConfiguration;
			buildSettings = {
				CODE_SIGN_STYLE = Automatic;
				CURRENT_PROJECT_VERSION = 1;
				DEVELOPMENT_TEAM = 4JDZ4BJ4PW;
				GENERATE_INFOPLIST_FILE = YES;
				MACOSX_DEPLOYMENT_TARGET = 13.0;
				MARKETING_VERSION = 1.0;
				PRODUCT_BUNDLE_IDENTIFIER = com.zvonimirpavlovic.EssentialFeedAPIEndToEndTests;
				PRODUCT_NAME = "$(TARGET_NAME)";
				SWIFT_EMIT_LOC_STRINGS = NO;
				SWIFT_VERSION = 5.0;
			};
			name = Release;
		};
/* End XCBuildConfiguration section */

/* Begin XCConfigurationList section */
		110A0AE62937807600F98F62 /* Build configuration list for PBXProject "EssentialFeed" */ = {
			isa = XCConfigurationList;
			buildConfigurations = (
				110A0AFC2937807600F98F62 /* Debug */,
				110A0AFD2937807600F98F62 /* Release */,
			);
			defaultConfigurationIsVisible = 0;
			defaultConfigurationName = Release;
		};
		110A0AFE2937807600F98F62 /* Build configuration list for PBXNativeTarget "EssentialFeed" */ = {
			isa = XCConfigurationList;
			buildConfigurations = (
				110A0AFF2937807600F98F62 /* Debug */,
				110A0B002937807600F98F62 /* Release */,
			);
			defaultConfigurationIsVisible = 0;
			defaultConfigurationName = Release;
		};
		110A0B012937807600F98F62 /* Build configuration list for PBXNativeTarget "EssentialFeedTests" */ = {
			isa = XCConfigurationList;
			buildConfigurations = (
				110A0B022937807600F98F62 /* Debug */,
				110A0B032937807600F98F62 /* Release */,
			);
			defaultConfigurationIsVisible = 0;
			defaultConfigurationName = Release;
		};
		11B9F80229AD31C200292F65 /* Build configuration list for PBXNativeTarget "EssentialFeedAPIEndToEndTests" */ = {
			isa = XCConfigurationList;
			buildConfigurations = (
				11B9F80329AD31C200292F65 /* Debug */,
				11B9F80429AD31C200292F65 /* Release */,
			);
			defaultConfigurationIsVisible = 0;
			defaultConfigurationName = Release;
		};
/* End XCConfigurationList section */
	};
	rootObject = 110A0AE32937807600F98F62 /* Project object */;
}
