// !$*UTF8*$!
{
	archiveVersion = 1;
	classes = {
	};
	objectVersion = 56;
	objects = {

/* Begin PBXBuildFile section */
		110C81E62A4EDC930034CEFE /* SceneDelegateTests.swift in Sources */ = {isa = PBXBuildFile; fileRef = 110C81E52A4EDC930034CEFE /* SceneDelegateTests.swift */; };
		110C81E82A4EDD9A0034CEFE /* FeedImageDataLoaderPresentationAdapter.swift in Sources */ = {isa = PBXBuildFile; fileRef = 110C81E72A4EDD9A0034CEFE /* FeedImageDataLoaderPresentationAdapter.swift */; };
		110C81EA2A4EDDA50034CEFE /* FeedLoaderPresentationAdapter.swift in Sources */ = {isa = PBXBuildFile; fileRef = 110C81E92A4EDDA50034CEFE /* FeedLoaderPresentationAdapter.swift */; };
		110C81EC2A4EDDAA0034CEFE /* FeedUIComposer.swift in Sources */ = {isa = PBXBuildFile; fileRef = 110C81EB2A4EDDAA0034CEFE /* FeedUIComposer.swift */; };
		110C81EE2A4EDDB00034CEFE /* FeedViewAdapter.swift in Sources */ = {isa = PBXBuildFile; fileRef = 110C81ED2A4EDDB00034CEFE /* FeedViewAdapter.swift */; };
		110C81F22A4EDDD70034CEFE /* WeakRefVirtualProxy.swift in Sources */ = {isa = PBXBuildFile; fileRef = 110C81F12A4EDDD70034CEFE /* WeakRefVirtualProxy.swift */; };
		110C81F42A4EDEFF0034CEFE /* FeedUIIntegrationTests.swift in Sources */ = {isa = PBXBuildFile; fileRef = 110C81F32A4EDEFF0034CEFE /* FeedUIIntegrationTests.swift */; };
		110C81F62A4EDF1F0034CEFE /* FeedImageCell+TestHelpers.swift in Sources */ = {isa = PBXBuildFile; fileRef = 110C81F52A4EDF1F0034CEFE /* FeedImageCell+TestHelpers.swift */; };
		110C81F82A4EDF270034CEFE /* FeedUIIntegrationTests +Assertions.swift in Sources */ = {isa = PBXBuildFile; fileRef = 110C81F72A4EDF270034CEFE /* FeedUIIntegrationTests +Assertions.swift */; };
		110C81FA2A4EDF2A0034CEFE /* FeedUIIntegrationTests +Localization.swift in Sources */ = {isa = PBXBuildFile; fileRef = 110C81F92A4EDF2A0034CEFE /* FeedUIIntegrationTests +Localization.swift */; };
		110C81FC2A4EDF2C0034CEFE /* FeedUIIntegrationTests +LoaderSpy.swift in Sources */ = {isa = PBXBuildFile; fileRef = 110C81FB2A4EDF2B0034CEFE /* FeedUIIntegrationTests +LoaderSpy.swift */; };
		110C81FE2A4EDF390034CEFE /* FeedViewController+TestHelpers.swift in Sources */ = {isa = PBXBuildFile; fileRef = 110C81FD2A4EDF390034CEFE /* FeedViewController+TestHelpers.swift */; };
		110C82002A4EDF410034CEFE /* UIButton+TestHelpers.swift in Sources */ = {isa = PBXBuildFile; fileRef = 110C81FF2A4EDF410034CEFE /* UIButton+TestHelpers.swift */; };
		110C82022A4EDF430034CEFE /* UIControl+TestHelpers.swift in Sources */ = {isa = PBXBuildFile; fileRef = 110C82012A4EDF430034CEFE /* UIControl+TestHelpers.swift */; };
		110C82042A4EDF4A0034CEFE /* UIImage+TestHelpers.swift in Sources */ = {isa = PBXBuildFile; fileRef = 110C82032A4EDF4A0034CEFE /* UIImage+TestHelpers.swift */; };
		110C82062A4EDF4C0034CEFE /* UIRefreshControl+TestHelpers.swift in Sources */ = {isa = PBXBuildFile; fileRef = 110C82052A4EDF4C0034CEFE /* UIRefreshControl+TestHelpers.swift */; };
		110C82082A4EE1930034CEFE /* FeedAcceptanceTests.swift in Sources */ = {isa = PBXBuildFile; fileRef = 110C82072A4EE1930034CEFE /* FeedAcceptanceTests.swift */; };
		110C820A2A4EE4B70034CEFE /* HTTPClientStub.swift in Sources */ = {isa = PBXBuildFile; fileRef = 110C82092A4EE4B70034CEFE /* HTTPClientStub.swift */; };
		110C820C2A4EE5070034CEFE /* InMemoryFeedStore.swift in Sources */ = {isa = PBXBuildFile; fileRef = 110C820B2A4EE5070034CEFE /* InMemoryFeedStore.swift */; };
		110C822C2A4EFADE0034CEFE /* UIView+TestHelpers.swift in Sources */ = {isa = PBXBuildFile; fileRef = 110C822B2A4EFADE0034CEFE /* UIView+TestHelpers.swift */; };
		110C822E2A4F06430034CEFE /* CombineHelpers.swift in Sources */ = {isa = PBXBuildFile; fileRef = 110C822D2A4F06430034CEFE /* CombineHelpers.swift */; };
		1116D35D2A4B76F200823FF6 /* AppDelegate.swift in Sources */ = {isa = PBXBuildFile; fileRef = 1116D35C2A4B76F200823FF6 /* AppDelegate.swift */; };
		1116D35F2A4B76F200823FF6 /* SceneDelegate.swift in Sources */ = {isa = PBXBuildFile; fileRef = 1116D35E2A4B76F200823FF6 /* SceneDelegate.swift */; };
		1116D3612A4B76F200823FF6 /* ViewController.swift in Sources */ = {isa = PBXBuildFile; fileRef = 1116D3602A4B76F200823FF6 /* ViewController.swift */; };
		1116D3662A4B76F200823FF6 /* Assets.xcassets in Resources */ = {isa = PBXBuildFile; fileRef = 1116D3652A4B76F200823FF6 /* Assets.xcassets */; };
		1116D3692A4B76F200823FF6 /* LaunchScreen.storyboard in Resources */ = {isa = PBXBuildFile; fileRef = 1116D3672A4B76F200823FF6 /* LaunchScreen.storyboard */; };
		1116D38F2A4B77FD00823FF6 /* EssentialFeed.framework in Frameworks */ = {isa = PBXBuildFile; fileRef = 1116D38D2A4B77FD00823FF6 /* EssentialFeed.framework */; };
		1116D3902A4B77FD00823FF6 /* EssentialFeed.framework in Embed Frameworks */ = {isa = PBXBuildFile; fileRef = 1116D38D2A4B77FD00823FF6 /* EssentialFeed.framework */; settings = {ATTRIBUTES = (CodeSignOnCopy, RemoveHeadersOnCopy, ); }; };
		1116D3912A4B77FD00823FF6 /* EssentialFeediOS.framework in Frameworks */ = {isa = PBXBuildFile; fileRef = 1116D38E2A4B77FD00823FF6 /* EssentialFeediOS.framework */; };
		1116D3922A4B77FD00823FF6 /* EssentialFeediOS.framework in Embed Frameworks */ = {isa = PBXBuildFile; fileRef = 1116D38E2A4B77FD00823FF6 /* EssentialFeediOS.framework */; settings = {ATTRIBUTES = (CodeSignOnCopy, RemoveHeadersOnCopy, ); }; };
		1116D39C2A4B807900823FF6 /* XCTestCase+MemoryLeakTracking.swift in Sources */ = {isa = PBXBuildFile; fileRef = 1116D39B2A4B807900823FF6 /* XCTestCase+MemoryLeakTracking.swift */; };
		1116D39E2A4B80D200823FF6 /* SharedTestHelpers.swift in Sources */ = {isa = PBXBuildFile; fileRef = 1116D39D2A4B80D200823FF6 /* SharedTestHelpers.swift */; };
/* End PBXBuildFile section */

/* Begin PBXContainerItemProxy section */
		1116D3702A4B76F200823FF6 /* PBXContainerItemProxy */ = {
			isa = PBXContainerItemProxy;
			containerPortal = 1116D3512A4B76F200823FF6 /* Project object */;
			proxyType = 1;
			remoteGlobalIDString = 1116D3582A4B76F200823FF6;
			remoteInfo = EssentialApp;
		};
/* End PBXContainerItemProxy section */

/* Begin PBXCopyFilesBuildPhase section */
		1116D3932A4B77FD00823FF6 /* Embed Frameworks */ = {
			isa = PBXCopyFilesBuildPhase;
			buildActionMask = 2147483647;
			dstPath = "";
			dstSubfolderSpec = 10;
			files = (
				1116D3902A4B77FD00823FF6 /* EssentialFeed.framework in Embed Frameworks */,
				1116D3922A4B77FD00823FF6 /* EssentialFeediOS.framework in Embed Frameworks */,
			);
			name = "Embed Frameworks";
			runOnlyForDeploymentPostprocessing = 0;
		};
/* End PBXCopyFilesBuildPhase section */

/* Begin PBXFileReference section */
		110C81E52A4EDC930034CEFE /* SceneDelegateTests.swift */ = {isa = PBXFileReference; lastKnownFileType = sourcecode.swift; path = SceneDelegateTests.swift; sourceTree = "<group>"; };
		110C81E72A4EDD9A0034CEFE /* FeedImageDataLoaderPresentationAdapter.swift */ = {isa = PBXFileReference; lastKnownFileType = sourcecode.swift; path = FeedImageDataLoaderPresentationAdapter.swift; sourceTree = "<group>"; };
		110C81E92A4EDDA50034CEFE /* FeedLoaderPresentationAdapter.swift */ = {isa = PBXFileReference; lastKnownFileType = sourcecode.swift; path = FeedLoaderPresentationAdapter.swift; sourceTree = "<group>"; };
		110C81EB2A4EDDAA0034CEFE /* FeedUIComposer.swift */ = {isa = PBXFileReference; lastKnownFileType = sourcecode.swift; path = FeedUIComposer.swift; sourceTree = "<group>"; };
		110C81ED2A4EDDB00034CEFE /* FeedViewAdapter.swift */ = {isa = PBXFileReference; lastKnownFileType = sourcecode.swift; path = FeedViewAdapter.swift; sourceTree = "<group>"; };
		110C81F12A4EDDD70034CEFE /* WeakRefVirtualProxy.swift */ = {isa = PBXFileReference; lastKnownFileType = sourcecode.swift; path = WeakRefVirtualProxy.swift; sourceTree = "<group>"; };
		110C81F32A4EDEFF0034CEFE /* FeedUIIntegrationTests.swift */ = {isa = PBXFileReference; lastKnownFileType = sourcecode.swift; path = FeedUIIntegrationTests.swift; sourceTree = "<group>"; };
		110C81F52A4EDF1F0034CEFE /* FeedImageCell+TestHelpers.swift */ = {isa = PBXFileReference; lastKnownFileType = sourcecode.swift; path = "FeedImageCell+TestHelpers.swift"; sourceTree = "<group>"; };
		110C81F72A4EDF270034CEFE /* FeedUIIntegrationTests +Assertions.swift */ = {isa = PBXFileReference; lastKnownFileType = sourcecode.swift; path = "FeedUIIntegrationTests +Assertions.swift"; sourceTree = "<group>"; };
		110C81F92A4EDF2A0034CEFE /* FeedUIIntegrationTests +Localization.swift */ = {isa = PBXFileReference; lastKnownFileType = sourcecode.swift; path = "FeedUIIntegrationTests +Localization.swift"; sourceTree = "<group>"; };
		110C81FB2A4EDF2B0034CEFE /* FeedUIIntegrationTests +LoaderSpy.swift */ = {isa = PBXFileReference; lastKnownFileType = sourcecode.swift; path = "FeedUIIntegrationTests +LoaderSpy.swift"; sourceTree = "<group>"; };
		110C81FD2A4EDF390034CEFE /* FeedViewController+TestHelpers.swift */ = {isa = PBXFileReference; lastKnownFileType = sourcecode.swift; path = "FeedViewController+TestHelpers.swift"; sourceTree = "<group>"; };
		110C81FF2A4EDF410034CEFE /* UIButton+TestHelpers.swift */ = {isa = PBXFileReference; lastKnownFileType = sourcecode.swift; path = "UIButton+TestHelpers.swift"; sourceTree = "<group>"; };
		110C82012A4EDF430034CEFE /* UIControl+TestHelpers.swift */ = {isa = PBXFileReference; lastKnownFileType = sourcecode.swift; path = "UIControl+TestHelpers.swift"; sourceTree = "<group>"; };
		110C82032A4EDF4A0034CEFE /* UIImage+TestHelpers.swift */ = {isa = PBXFileReference; lastKnownFileType = sourcecode.swift; path = "UIImage+TestHelpers.swift"; sourceTree = "<group>"; };
		110C82052A4EDF4C0034CEFE /* UIRefreshControl+TestHelpers.swift */ = {isa = PBXFileReference; lastKnownFileType = sourcecode.swift; path = "UIRefreshControl+TestHelpers.swift"; sourceTree = "<group>"; };
		110C82072A4EE1930034CEFE /* FeedAcceptanceTests.swift */ = {isa = PBXFileReference; lastKnownFileType = sourcecode.swift; path = FeedAcceptanceTests.swift; sourceTree = "<group>"; };
		110C82092A4EE4B70034CEFE /* HTTPClientStub.swift */ = {isa = PBXFileReference; lastKnownFileType = sourcecode.swift; path = HTTPClientStub.swift; sourceTree = "<group>"; };
		110C820B2A4EE5070034CEFE /* InMemoryFeedStore.swift */ = {isa = PBXFileReference; lastKnownFileType = sourcecode.swift; path = InMemoryFeedStore.swift; sourceTree = "<group>"; };
		110C822B2A4EFADE0034CEFE /* UIView+TestHelpers.swift */ = {isa = PBXFileReference; lastKnownFileType = sourcecode.swift; path = "UIView+TestHelpers.swift"; sourceTree = "<group>"; };
		110C822D2A4F06430034CEFE /* CombineHelpers.swift */ = {isa = PBXFileReference; lastKnownFileType = sourcecode.swift; path = CombineHelpers.swift; sourceTree = "<group>"; };
		1116D3592A4B76F200823FF6 /* EssentialApp.app */ = {isa = PBXFileReference; explicitFileType = wrapper.application; includeInIndex = 0; path = EssentialApp.app; sourceTree = BUILT_PRODUCTS_DIR; };
		1116D35C2A4B76F200823FF6 /* AppDelegate.swift */ = {isa = PBXFileReference; lastKnownFileType = sourcecode.swift; path = AppDelegate.swift; sourceTree = "<group>"; };
		1116D35E2A4B76F200823FF6 /* SceneDelegate.swift */ = {isa = PBXFileReference; lastKnownFileType = sourcecode.swift; path = SceneDelegate.swift; sourceTree = "<group>"; };
		1116D3602A4B76F200823FF6 /* ViewController.swift */ = {isa = PBXFileReference; lastKnownFileType = sourcecode.swift; path = ViewController.swift; sourceTree = "<group>"; };
		1116D3652A4B76F200823FF6 /* Assets.xcassets */ = {isa = PBXFileReference; lastKnownFileType = folder.assetcatalog; path = Assets.xcassets; sourceTree = "<group>"; };
		1116D3682A4B76F200823FF6 /* Base */ = {isa = PBXFileReference; lastKnownFileType = file.storyboard; name = Base; path = Base.lproj/LaunchScreen.storyboard; sourceTree = "<group>"; };
		1116D36A2A4B76F200823FF6 /* Info.plist */ = {isa = PBXFileReference; lastKnownFileType = text.plist.xml; path = Info.plist; sourceTree = "<group>"; };
		1116D36F2A4B76F200823FF6 /* EssentialAppTests.xctest */ = {isa = PBXFileReference; explicitFileType = wrapper.cfbundle; includeInIndex = 0; path = EssentialAppTests.xctest; sourceTree = BUILT_PRODUCTS_DIR; };
		1116D38D2A4B77FD00823FF6 /* EssentialFeed.framework */ = {isa = PBXFileReference; explicitFileType = wrapper.framework; path = EssentialFeed.framework; sourceTree = BUILT_PRODUCTS_DIR; };
		1116D38E2A4B77FD00823FF6 /* EssentialFeediOS.framework */ = {isa = PBXFileReference; explicitFileType = wrapper.framework; path = EssentialFeediOS.framework; sourceTree = BUILT_PRODUCTS_DIR; };
		1116D39B2A4B807900823FF6 /* XCTestCase+MemoryLeakTracking.swift */ = {isa = PBXFileReference; lastKnownFileType = sourcecode.swift; path = "XCTestCase+MemoryLeakTracking.swift"; sourceTree = "<group>"; };
		1116D39D2A4B80D200823FF6 /* SharedTestHelpers.swift */ = {isa = PBXFileReference; lastKnownFileType = sourcecode.swift; path = SharedTestHelpers.swift; sourceTree = "<group>"; };
/* End PBXFileReference section */

/* Begin PBXFrameworksBuildPhase section */
		1116D3562A4B76F200823FF6 /* Frameworks */ = {
			isa = PBXFrameworksBuildPhase;
			buildActionMask = 2147483647;
			files = (
				1116D38F2A4B77FD00823FF6 /* EssentialFeed.framework in Frameworks */,
				1116D3912A4B77FD00823FF6 /* EssentialFeediOS.framework in Frameworks */,
			);
			runOnlyForDeploymentPostprocessing = 0;
		};
		1116D36C2A4B76F200823FF6 /* Frameworks */ = {
			isa = PBXFrameworksBuildPhase;
			buildActionMask = 2147483647;
			files = (
			);
			runOnlyForDeploymentPostprocessing = 0;
		};
/* End PBXFrameworksBuildPhase section */

/* Begin PBXGroup section */
		1116D3502A4B76F200823FF6 = {
			isa = PBXGroup;
			children = (
				1116D35B2A4B76F200823FF6 /* EssentialApp */,
				1116D3722A4B76F200823FF6 /* EssentialAppTests */,
				1116D35A2A4B76F200823FF6 /* Products */,
				1116D38C2A4B77FD00823FF6 /* Frameworks */,
			);
			sourceTree = "<group>";
		};
		1116D35A2A4B76F200823FF6 /* Products */ = {
			isa = PBXGroup;
			children = (
				1116D3592A4B76F200823FF6 /* EssentialApp.app */,
				1116D36F2A4B76F200823FF6 /* EssentialAppTests.xctest */,
			);
			name = Products;
			sourceTree = "<group>";
		};
		1116D35B2A4B76F200823FF6 /* EssentialApp */ = {
			isa = PBXGroup;
			children = (
				110C81F12A4EDDD70034CEFE /* WeakRefVirtualProxy.swift */,
				110C81ED2A4EDDB00034CEFE /* FeedViewAdapter.swift */,
				110C81EB2A4EDDAA0034CEFE /* FeedUIComposer.swift */,
				110C81E92A4EDDA50034CEFE /* FeedLoaderPresentationAdapter.swift */,
				110C81E72A4EDD9A0034CEFE /* FeedImageDataLoaderPresentationAdapter.swift */,
				1116D35C2A4B76F200823FF6 /* AppDelegate.swift */,
				1116D35E2A4B76F200823FF6 /* SceneDelegate.swift */,
				1116D3602A4B76F200823FF6 /* ViewController.swift */,
				1116D3652A4B76F200823FF6 /* Assets.xcassets */,
				1116D3672A4B76F200823FF6 /* LaunchScreen.storyboard */,
				1116D36A2A4B76F200823FF6 /* Info.plist */,
				110C822D2A4F06430034CEFE /* CombineHelpers.swift */,
			);
			path = EssentialApp;
			sourceTree = "<group>";
		};
		1116D3722A4B76F200823FF6 /* EssentialAppTests */ = {
			isa = PBXGroup;
			children = (
				110C81F32A4EDEFF0034CEFE /* FeedUIIntegrationTests.swift */,
				1116D39A2A4B807100823FF6 /* Helpers */,
				110C81E52A4EDC930034CEFE /* SceneDelegateTests.swift */,
				110C82072A4EE1930034CEFE /* FeedAcceptanceTests.swift */,
			);
			path = EssentialAppTests;
			sourceTree = "<group>";
		};
		1116D38C2A4B77FD00823FF6 /* Frameworks */ = {
			isa = PBXGroup;
			children = (
				1116D38D2A4B77FD00823FF6 /* EssentialFeed.framework */,
				1116D38E2A4B77FD00823FF6 /* EssentialFeediOS.framework */,
			);
			name = Frameworks;
			sourceTree = "<group>";
		};
		1116D39A2A4B807100823FF6 /* Helpers */ = {
			isa = PBXGroup;
			children = (
				110C82052A4EDF4C0034CEFE /* UIRefreshControl+TestHelpers.swift */,
				110C82032A4EDF4A0034CEFE /* UIImage+TestHelpers.swift */,
				110C82012A4EDF430034CEFE /* UIControl+TestHelpers.swift */,
				110C81FF2A4EDF410034CEFE /* UIButton+TestHelpers.swift */,
				110C81FD2A4EDF390034CEFE /* FeedViewController+TestHelpers.swift */,
				110C81FB2A4EDF2B0034CEFE /* FeedUIIntegrationTests +LoaderSpy.swift */,
				110C81F92A4EDF2A0034CEFE /* FeedUIIntegrationTests +Localization.swift */,
				110C81F72A4EDF270034CEFE /* FeedUIIntegrationTests +Assertions.swift */,
				110C81F52A4EDF1F0034CEFE /* FeedImageCell+TestHelpers.swift */,
				1116D39B2A4B807900823FF6 /* XCTestCase+MemoryLeakTracking.swift */,
				1116D39D2A4B80D200823FF6 /* SharedTestHelpers.swift */,
				110C82092A4EE4B70034CEFE /* HTTPClientStub.swift */,
				110C820B2A4EE5070034CEFE /* InMemoryFeedStore.swift */,
				110C822B2A4EFADE0034CEFE /* UIView+TestHelpers.swift */,
			);
			path = Helpers;
			sourceTree = "<group>";
		};
/* End PBXGroup section */

/* Begin PBXNativeTarget section */
		1116D3582A4B76F200823FF6 /* EssentialApp */ = {
			isa = PBXNativeTarget;
			buildConfigurationList = 1116D3832A4B76F200823FF6 /* Build configuration list for PBXNativeTarget "EssentialApp" */;
			buildPhases = (
				1116D3552A4B76F200823FF6 /* Sources */,
				1116D3562A4B76F200823FF6 /* Frameworks */,
				1116D3572A4B76F200823FF6 /* Resources */,
				1116D3932A4B77FD00823FF6 /* Embed Frameworks */,
			);
			buildRules = (
			);
			dependencies = (
			);
			name = EssentialApp;
			productName = EssentialApp;
			productReference = 1116D3592A4B76F200823FF6 /* EssentialApp.app */;
			productType = "com.apple.product-type.application";
		};
		1116D36E2A4B76F200823FF6 /* EssentialAppTests */ = {
			isa = PBXNativeTarget;
			buildConfigurationList = 1116D3862A4B76F200823FF6 /* Build configuration list for PBXNativeTarget "EssentialAppTests" */;
			buildPhases = (
				1116D36B2A4B76F200823FF6 /* Sources */,
				1116D36C2A4B76F200823FF6 /* Frameworks */,
				1116D36D2A4B76F200823FF6 /* Resources */,
			);
			buildRules = (
			);
			dependencies = (
				1116D3712A4B76F200823FF6 /* PBXTargetDependency */,
			);
			name = EssentialAppTests;
			productName = EssentialAppTests;
			productReference = 1116D36F2A4B76F200823FF6 /* EssentialAppTests.xctest */;
			productType = "com.apple.product-type.bundle.unit-test";
		};
/* End PBXNativeTarget section */

/* Begin PBXProject section */
		1116D3512A4B76F200823FF6 /* Project object */ = {
			isa = PBXProject;
			attributes = {
				BuildIndependentTargetsInParallel = 1;
				LastSwiftUpdateCheck = 1430;
				LastUpgradeCheck = 1430;
				TargetAttributes = {
					1116D3582A4B76F200823FF6 = {
						CreatedOnToolsVersion = 14.3;
					};
					1116D36E2A4B76F200823FF6 = {
						CreatedOnToolsVersion = 14.3;
						TestTargetID = 1116D3582A4B76F200823FF6;
					};
				};
			};
			buildConfigurationList = 1116D3542A4B76F200823FF6 /* Build configuration list for PBXProject "EssentialApp" */;
			compatibilityVersion = "Xcode 14.0";
			developmentRegion = en;
			hasScannedForEncodings = 0;
			knownRegions = (
				en,
				Base,
			);
			mainGroup = 1116D3502A4B76F200823FF6;
			productRefGroup = 1116D35A2A4B76F200823FF6 /* Products */;
			projectDirPath = "";
			projectRoot = "";
			targets = (
				1116D3582A4B76F200823FF6 /* EssentialApp */,
				1116D36E2A4B76F200823FF6 /* EssentialAppTests */,
			);
		};
/* End PBXProject section */

/* Begin PBXResourcesBuildPhase section */
		1116D3572A4B76F200823FF6 /* Resources */ = {
			isa = PBXResourcesBuildPhase;
			buildActionMask = 2147483647;
			files = (
				1116D3692A4B76F200823FF6 /* LaunchScreen.storyboard in Resources */,
				1116D3662A4B76F200823FF6 /* Assets.xcassets in Resources */,
			);
			runOnlyForDeploymentPostprocessing = 0;
		};
		1116D36D2A4B76F200823FF6 /* Resources */ = {
			isa = PBXResourcesBuildPhase;
			buildActionMask = 2147483647;
			files = (
			);
			runOnlyForDeploymentPostprocessing = 0;
		};
/* End PBXResourcesBuildPhase section */

/* Begin PBXSourcesBuildPhase section */
		1116D3552A4B76F200823FF6 /* Sources */ = {
			isa = PBXSourcesBuildPhase;
			buildActionMask = 2147483647;
			files = (
				1116D3612A4B76F200823FF6 /* ViewController.swift in Sources */,
				1116D35D2A4B76F200823FF6 /* AppDelegate.swift in Sources */,
				110C822E2A4F06430034CEFE /* CombineHelpers.swift in Sources */,
				110C81EE2A4EDDB00034CEFE /* FeedViewAdapter.swift in Sources */,
				1116D35F2A4B76F200823FF6 /* SceneDelegate.swift in Sources */,
				110C81EA2A4EDDA50034CEFE /* FeedLoaderPresentationAdapter.swift in Sources */,
				110C81E82A4EDD9A0034CEFE /* FeedImageDataLoaderPresentationAdapter.swift in Sources */,
				110C81EC2A4EDDAA0034CEFE /* FeedUIComposer.swift in Sources */,
				110C81F22A4EDDD70034CEFE /* WeakRefVirtualProxy.swift in Sources */,
			);
			runOnlyForDeploymentPostprocessing = 0;
		};
		1116D36B2A4B76F200823FF6 /* Sources */ = {
			isa = PBXSourcesBuildPhase;
			buildActionMask = 2147483647;
			files = (
				110C81F82A4EDF270034CEFE /* FeedUIIntegrationTests +Assertions.swift in Sources */,
				1116D39E2A4B80D200823FF6 /* SharedTestHelpers.swift in Sources */,
				110C82042A4EDF4A0034CEFE /* UIImage+TestHelpers.swift in Sources */,
				110C82062A4EDF4C0034CEFE /* UIRefreshControl+TestHelpers.swift in Sources */,
				110C81FE2A4EDF390034CEFE /* FeedViewController+TestHelpers.swift in Sources */,
				110C82002A4EDF410034CEFE /* UIButton+TestHelpers.swift in Sources */,
				110C81F42A4EDEFF0034CEFE /* FeedUIIntegrationTests.swift in Sources */,
				110C81E62A4EDC930034CEFE /* SceneDelegateTests.swift in Sources */,
				110C820C2A4EE5070034CEFE /* InMemoryFeedStore.swift in Sources */,
				110C81FC2A4EDF2C0034CEFE /* FeedUIIntegrationTests +LoaderSpy.swift in Sources */,
				110C820A2A4EE4B70034CEFE /* HTTPClientStub.swift in Sources */,
				110C81F62A4EDF1F0034CEFE /* FeedImageCell+TestHelpers.swift in Sources */,
				110C822C2A4EFADE0034CEFE /* UIView+TestHelpers.swift in Sources */,
				110C81FA2A4EDF2A0034CEFE /* FeedUIIntegrationTests +Localization.swift in Sources */,
				110C82082A4EE1930034CEFE /* FeedAcceptanceTests.swift in Sources */,
				110C82022A4EDF430034CEFE /* UIControl+TestHelpers.swift in Sources */,
				1116D39C2A4B807900823FF6 /* XCTestCase+MemoryLeakTracking.swift in Sources */,
			);
			runOnlyForDeploymentPostprocessing = 0;
		};
/* End PBXSourcesBuildPhase section */

/* Begin PBXTargetDependency section */
		1116D3712A4B76F200823FF6 /* PBXTargetDependency */ = {
			isa = PBXTargetDependency;
			target = 1116D3582A4B76F200823FF6 /* EssentialApp */;
			targetProxy = 1116D3702A4B76F200823FF6 /* PBXContainerItemProxy */;
		};
/* End PBXTargetDependency section */

/* Begin PBXVariantGroup section */
		1116D3672A4B76F200823FF6 /* LaunchScreen.storyboard */ = {
			isa = PBXVariantGroup;
			children = (
				1116D3682A4B76F200823FF6 /* Base */,
			);
			name = LaunchScreen.storyboard;
			sourceTree = "<group>";
		};
/* End PBXVariantGroup section */

/* Begin XCBuildConfiguration section */
		1116D3812A4B76F200823FF6 /* Debug */ = {
			isa = XCBuildConfiguration;
			buildSettings = {
				ALWAYS_SEARCH_USER_PATHS = NO;
				CLANG_ANALYZER_NONNULL = YES;
				CLANG_ANALYZER_NUMBER_OBJECT_CONVERSION = YES_AGGRESSIVE;
				CLANG_CXX_LANGUAGE_STANDARD = "gnu++20";
				CLANG_ENABLE_MODULES = YES;
				CLANG_ENABLE_OBJC_ARC = YES;
				CLANG_ENABLE_OBJC_WEAK = YES;
				CLANG_WARN_BLOCK_CAPTURE_AUTORELEASING = YES;
				CLANG_WARN_BOOL_CONVERSION = YES;
				CLANG_WARN_COMMA = YES;
				CLANG_WARN_CONSTANT_CONVERSION = YES;
				CLANG_WARN_DEPRECATED_OBJC_IMPLEMENTATIONS = YES;
				CLANG_WARN_DIRECT_OBJC_ISA_USAGE = YES_ERROR;
				CLANG_WARN_DOCUMENTATION_COMMENTS = YES;
				CLANG_WARN_EMPTY_BODY = YES;
				CLANG_WARN_ENUM_CONVERSION = YES;
				CLANG_WARN_INFINITE_RECURSION = YES;
				CLANG_WARN_INT_CONVERSION = YES;
				CLANG_WARN_NON_LITERAL_NULL_CONVERSION = YES;
				CLANG_WARN_OBJC_IMPLICIT_RETAIN_SELF = YES;
				CLANG_WARN_OBJC_LITERAL_CONVERSION = YES;
				CLANG_WARN_OBJC_ROOT_CLASS = YES_ERROR;
				CLANG_WARN_QUOTED_INCLUDE_IN_FRAMEWORK_HEADER = YES;
				CLANG_WARN_RANGE_LOOP_ANALYSIS = YES;
				CLANG_WARN_STRICT_PROTOTYPES = YES;
				CLANG_WARN_SUSPICIOUS_MOVE = YES;
				CLANG_WARN_UNGUARDED_AVAILABILITY = YES_AGGRESSIVE;
				CLANG_WARN_UNREACHABLE_CODE = YES;
				CLANG_WARN__DUPLICATE_METHOD_MATCH = YES;
				COPY_PHASE_STRIP = NO;
				DEBUG_INFORMATION_FORMAT = dwarf;
				ENABLE_STRICT_OBJC_MSGSEND = YES;
				ENABLE_TESTABILITY = YES;
				GCC_C_LANGUAGE_STANDARD = gnu11;
				GCC_DYNAMIC_NO_PIC = NO;
				GCC_NO_COMMON_BLOCKS = YES;
				GCC_OPTIMIZATION_LEVEL = 0;
				GCC_PREPROCESSOR_DEFINITIONS = (
					"DEBUG=1",
					"$(inherited)",
				);
				GCC_WARN_64_TO_32_BIT_CONVERSION = YES;
				GCC_WARN_ABOUT_RETURN_TYPE = YES_ERROR;
				GCC_WARN_UNDECLARED_SELECTOR = YES;
				GCC_WARN_UNINITIALIZED_AUTOS = YES_AGGRESSIVE;
				GCC_WARN_UNUSED_FUNCTION = YES;
				GCC_WARN_UNUSED_VARIABLE = YES;
				IPHONEOS_DEPLOYMENT_TARGET = 16.4;
				MTL_ENABLE_DEBUG_INFO = INCLUDE_SOURCE;
				MTL_FAST_MATH = YES;
				ONLY_ACTIVE_ARCH = YES;
				SDKROOT = iphoneos;
				SWIFT_ACTIVE_COMPILATION_CONDITIONS = DEBUG;
				SWIFT_OPTIMIZATION_LEVEL = "-Onone";
			};
			name = Debug;
		};
		1116D3822A4B76F200823FF6 /* Release */ = {
			isa = XCBuildConfiguration;
			buildSettings = {
				ALWAYS_SEARCH_USER_PATHS = NO;
				CLANG_ANALYZER_NONNULL = YES;
				CLANG_ANALYZER_NUMBER_OBJECT_CONVERSION = YES_AGGRESSIVE;
				CLANG_CXX_LANGUAGE_STANDARD = "gnu++20";
				CLANG_ENABLE_MODULES = YES;
				CLANG_ENABLE_OBJC_ARC = YES;
				CLANG_ENABLE_OBJC_WEAK = YES;
				CLANG_WARN_BLOCK_CAPTURE_AUTORELEASING = YES;
				CLANG_WARN_BOOL_CONVERSION = YES;
				CLANG_WARN_COMMA = YES;
				CLANG_WARN_CONSTANT_CONVERSION = YES;
				CLANG_WARN_DEPRECATED_OBJC_IMPLEMENTATIONS = YES;
				CLANG_WARN_DIRECT_OBJC_ISA_USAGE = YES_ERROR;
				CLANG_WARN_DOCUMENTATION_COMMENTS = YES;
				CLANG_WARN_EMPTY_BODY = YES;
				CLANG_WARN_ENUM_CONVERSION = YES;
				CLANG_WARN_INFINITE_RECURSION = YES;
				CLANG_WARN_INT_CONVERSION = YES;
				CLANG_WARN_NON_LITERAL_NULL_CONVERSION = YES;
				CLANG_WARN_OBJC_IMPLICIT_RETAIN_SELF = YES;
				CLANG_WARN_OBJC_LITERAL_CONVERSION = YES;
				CLANG_WARN_OBJC_ROOT_CLASS = YES_ERROR;
				CLANG_WARN_QUOTED_INCLUDE_IN_FRAMEWORK_HEADER = YES;
				CLANG_WARN_RANGE_LOOP_ANALYSIS = YES;
				CLANG_WARN_STRICT_PROTOTYPES = YES;
				CLANG_WARN_SUSPICIOUS_MOVE = YES;
				CLANG_WARN_UNGUARDED_AVAILABILITY = YES_AGGRESSIVE;
				CLANG_WARN_UNREACHABLE_CODE = YES;
				CLANG_WARN__DUPLICATE_METHOD_MATCH = YES;
				COPY_PHASE_STRIP = NO;
				DEBUG_INFORMATION_FORMAT = "dwarf-with-dsym";
				ENABLE_NS_ASSERTIONS = NO;
				ENABLE_STRICT_OBJC_MSGSEND = YES;
				GCC_C_LANGUAGE_STANDARD = gnu11;
				GCC_NO_COMMON_BLOCKS = YES;
				GCC_WARN_64_TO_32_BIT_CONVERSION = YES;
				GCC_WARN_ABOUT_RETURN_TYPE = YES_ERROR;
				GCC_WARN_UNDECLARED_SELECTOR = YES;
				GCC_WARN_UNINITIALIZED_AUTOS = YES_AGGRESSIVE;
				GCC_WARN_UNUSED_FUNCTION = YES;
				GCC_WARN_UNUSED_VARIABLE = YES;
				IPHONEOS_DEPLOYMENT_TARGET = 16.4;
				MTL_ENABLE_DEBUG_INFO = NO;
				MTL_FAST_MATH = YES;
				SDKROOT = iphoneos;
				SWIFT_COMPILATION_MODE = wholemodule;
				SWIFT_OPTIMIZATION_LEVEL = "-O";
				VALIDATE_PRODUCT = YES;
			};
			name = Release;
		};
		1116D3842A4B76F200823FF6 /* Debug */ = {
			isa = XCBuildConfiguration;
			buildSettings = {
				ASSETCATALOG_COMPILER_APPICON_NAME = AppIcon;
				ASSETCATALOG_COMPILER_GLOBAL_ACCENT_COLOR_NAME = AccentColor;
				CODE_SIGN_STYLE = Automatic;
				CURRENT_PROJECT_VERSION = 1;
				DEVELOPMENT_TEAM = 4JDZ4BJ4PW;
				GENERATE_INFOPLIST_FILE = YES;
				INFOPLIST_FILE = EssentialApp/Info.plist;
				INFOPLIST_KEY_UIApplicationSupportsIndirectInputEvents = YES;
				INFOPLIST_KEY_UILaunchStoryboardName = LaunchScreen;
				INFOPLIST_KEY_UIStatusBarStyle = "";
				INFOPLIST_KEY_UISupportedInterfaceOrientations = UIInterfaceOrientationPortrait;
				LD_RUNPATH_SEARCH_PATHS = (
					"$(inherited)",
					"@executable_path/Frameworks",
				);
				MARKETING_VERSION = 1.0;
				PRODUCT_BUNDLE_IDENTIFIER = com.zvonimirpavlovic.EssentialApp;
				PRODUCT_NAME = "$(TARGET_NAME)";
				SWIFT_EMIT_LOC_STRINGS = YES;
				SWIFT_VERSION = 5.0;
				TARGETED_DEVICE_FAMILY = "1,2";
			};
			name = Debug;
		};
		1116D3852A4B76F200823FF6 /* Release */ = {
			isa = XCBuildConfiguration;
			buildSettings = {
				ASSETCATALOG_COMPILER_APPICON_NAME = AppIcon;
				ASSETCATALOG_COMPILER_GLOBAL_ACCENT_COLOR_NAME = AccentColor;
				CODE_SIGN_STYLE = Automatic;
				CURRENT_PROJECT_VERSION = 1;
				DEVELOPMENT_TEAM = 4JDZ4BJ4PW;
				GENERATE_INFOPLIST_FILE = YES;
				INFOPLIST_FILE = EssentialApp/Info.plist;
				INFOPLIST_KEY_UIApplicationSupportsIndirectInputEvents = YES;
				INFOPLIST_KEY_UILaunchStoryboardName = LaunchScreen;
				INFOPLIST_KEY_UIStatusBarStyle = "";
				INFOPLIST_KEY_UISupportedInterfaceOrientations = UIInterfaceOrientationPortrait;
				LD_RUNPATH_SEARCH_PATHS = (
					"$(inherited)",
					"@executable_path/Frameworks",
				);
				MARKETING_VERSION = 1.0;
				PRODUCT_BUNDLE_IDENTIFIER = com.zvonimirpavlovic.EssentialApp;
				PRODUCT_NAME = "$(TARGET_NAME)";
				SWIFT_EMIT_LOC_STRINGS = YES;
				SWIFT_VERSION = 5.0;
				TARGETED_DEVICE_FAMILY = "1,2";
			};
			name = Release;
		};
		1116D3872A4B76F200823FF6 /* Debug */ = {
			isa = XCBuildConfiguration;
			buildSettings = {
				ALWAYS_EMBED_SWIFT_STANDARD_LIBRARIES = YES;
				BUNDLE_LOADER = "$(TEST_HOST)";
				CODE_SIGN_STYLE = Automatic;
				CURRENT_PROJECT_VERSION = 1;
				DEVELOPMENT_TEAM = 4JDZ4BJ4PW;
				GENERATE_INFOPLIST_FILE = YES;
				IPHONEOS_DEPLOYMENT_TARGET = 16.4;
				MARKETING_VERSION = 1.0;
				PRODUCT_BUNDLE_IDENTIFIER = com.zvonimirpavlovic.EssentialAppTests;
				PRODUCT_NAME = "$(TARGET_NAME)";
				SWIFT_EMIT_LOC_STRINGS = NO;
				SWIFT_VERSION = 5.0;
				TARGETED_DEVICE_FAMILY = "1,2";
				TEST_HOST = "$(BUILT_PRODUCTS_DIR)/EssentialApp.app/$(BUNDLE_EXECUTABLE_FOLDER_PATH)/EssentialApp";
			};
			name = Debug;
		};
		1116D3882A4B76F200823FF6 /* Release */ = {
			isa = XCBuildConfiguration;
			buildSettings = {
				ALWAYS_EMBED_SWIFT_STANDARD_LIBRARIES = YES;
				BUNDLE_LOADER = "$(TEST_HOST)";
				CODE_SIGN_STYLE = Automatic;
				CURRENT_PROJECT_VERSION = 1;
				DEVELOPMENT_TEAM = 4JDZ4BJ4PW;
				GENERATE_INFOPLIST_FILE = YES;
				IPHONEOS_DEPLOYMENT_TARGET = 16.4;
				MARKETING_VERSION = 1.0;
				PRODUCT_BUNDLE_IDENTIFIER = com.zvonimirpavlovic.EssentialAppTests;
				PRODUCT_NAME = "$(TARGET_NAME)";
				SWIFT_EMIT_LOC_STRINGS = NO;
				SWIFT_VERSION = 5.0;
				TARGETED_DEVICE_FAMILY = "1,2";
				TEST_HOST = "$(BUILT_PRODUCTS_DIR)/EssentialApp.app/$(BUNDLE_EXECUTABLE_FOLDER_PATH)/EssentialApp";
			};
			name = Release;
		};
/* End XCBuildConfiguration section */

/* Begin XCConfigurationList section */
		1116D3542A4B76F200823FF6 /* Build configuration list for PBXProject "EssentialApp" */ = {
			isa = XCConfigurationList;
			buildConfigurations = (
				1116D3812A4B76F200823FF6 /* Debug */,
				1116D3822A4B76F200823FF6 /* Release */,
			);
			defaultConfigurationIsVisible = 0;
			defaultConfigurationName = Release;
		};
		1116D3832A4B76F200823FF6 /* Build configuration list for PBXNativeTarget "EssentialApp" */ = {
			isa = XCConfigurationList;
			buildConfigurations = (
				1116D3842A4B76F200823FF6 /* Debug */,
				1116D3852A4B76F200823FF6 /* Release */,
			);
			defaultConfigurationIsVisible = 0;
			defaultConfigurationName = Release;
		};
		1116D3862A4B76F200823FF6 /* Build configuration list for PBXNativeTarget "EssentialAppTests" */ = {
			isa = XCConfigurationList;
			buildConfigurations = (
				1116D3872A4B76F200823FF6 /* Debug */,
				1116D3882A4B76F200823FF6 /* Release */,
			);
			defaultConfigurationIsVisible = 0;
			defaultConfigurationName = Release;
		};
/* End XCConfigurationList section */
	};
	rootObject = 1116D3512A4B76F200823FF6 /* Project object */;
}
